// !$*UTF8*$!
{
	archiveVersion = 1;
	classes = {
	};
	objectVersion = 46;
	objects = {

/* Begin PBXBuildFile section */
		180688CD1EB8C28300CEE3BF /* Profile+CoreDataClass.swift in Sources */ = {isa = PBXBuildFile; fileRef = 180688C91EB8C28300CEE3BF /* Profile+CoreDataClass.swift */; };
		180688CE1EB8C28300CEE3BF /* Profile+CoreDataProperties.swift in Sources */ = {isa = PBXBuildFile; fileRef = 180688CA1EB8C28300CEE3BF /* Profile+CoreDataProperties.swift */; };
		1818CD541EBAC33C009BE305 /* OPMeDetailedTableViewCell.swift in Sources */ = {isa = PBXBuildFile; fileRef = 1818CD521EBAC33C009BE305 /* OPMeDetailedTableViewCell.swift */; };
		1818CD551EBAC33C009BE305 /* OPMeDetailedTableViewCell.xib in Resources */ = {isa = PBXBuildFile; fileRef = 1818CD531EBAC33C009BE305 /* OPMeDetailedTableViewCell.xib */; };
		182D4D1E1EE0376F00C29B86 /* OPFarm.storyboard in Resources */ = {isa = PBXBuildFile; fileRef = 182D4D1D1EE0376F00C29B86 /* OPFarm.storyboard */; };
		182E989A1ED6367D006FEBBA /* UIAlertController+Ext.swift in Sources */ = {isa = PBXBuildFile; fileRef = 182E98991ED6367D006FEBBA /* UIAlertController+Ext.swift */; };
		182E98A51ED6FBD3006FEBBA /* AlbumHeaderCollectionReusableView.swift in Sources */ = {isa = PBXBuildFile; fileRef = 182E98A31ED6FBD3006FEBBA /* AlbumHeaderCollectionReusableView.swift */; };
		182E98A61ED6FBD3006FEBBA /* AlbumHeaderCollectionReusableView.xib in Resources */ = {isa = PBXBuildFile; fileRef = 182E98A41ED6FBD3006FEBBA /* AlbumHeaderCollectionReusableView.xib */; };
		182E98A81ED71702006FEBBA /* LandOverviewViewController.swift in Sources */ = {isa = PBXBuildFile; fileRef = 182E98A71ED71702006FEBBA /* LandOverviewViewController.swift */; };
		183D82711EB6442D00B9F028 /* OnlinePlanting.xcdatamodeld in Sources */ = {isa = PBXBuildFile; fileRef = 183D826F1EB6442D00B9F028 /* OnlinePlanting.xcdatamodeld */; };
		183D82771EB647DF00B9F028 /* AppDelegate.swift in Sources */ = {isa = PBXBuildFile; fileRef = 183D82761EB647DF00B9F028 /* AppDelegate.swift */; };
		183D82821EB64AE200B9F028 /* LaunchScreen.storyboard in Resources */ = {isa = PBXBuildFile; fileRef = 183D827E1EB64AE200B9F028 /* LaunchScreen.storyboard */; };
		183D82831EB64AE200B9F028 /* Main.storyboard in Resources */ = {isa = PBXBuildFile; fileRef = 183D82801EB64AE200B9F028 /* Main.storyboard */; };
		183D82851EB64B2600B9F028 /* Assets.xcassets in Resources */ = {isa = PBXBuildFile; fileRef = 183D82841EB64B2600B9F028 /* Assets.xcassets */; };
		183D82891EB64B6400B9F028 /* String+Ext.swift in Sources */ = {isa = PBXBuildFile; fileRef = 183D82881EB64B6400B9F028 /* String+Ext.swift */; };
		183D828B1EB64BF000B9F028 /* UIBarButtonItem+Ext.swift in Sources */ = {isa = PBXBuildFile; fileRef = 183D828A1EB64BF000B9F028 /* UIBarButtonItem+Ext.swift */; };
		183D828D1EB64C3000B9F028 /* UIColor+Ext.swift in Sources */ = {isa = PBXBuildFile; fileRef = 183D828C1EB64C3000B9F028 /* UIColor+Ext.swift */; };
		183D82921EB64CB300B9F028 /* MOBFoundation.framework in Frameworks */ = {isa = PBXBuildFile; fileRef = 183D828F1EB64CB300B9F028 /* MOBFoundation.framework */; };
		183D82931EB64CB300B9F028 /* MOBFoundationEx.framework in Frameworks */ = {isa = PBXBuildFile; fileRef = 183D82901EB64CB300B9F028 /* MOBFoundationEx.framework */; };
		183D82941EB64CB300B9F028 /* SMS_SDK.framework in Frameworks */ = {isa = PBXBuildFile; fileRef = 183D82911EB64CB300B9F028 /* SMS_SDK.framework */; };
		1845F2F31EC3696C0061E259 /* OPLoadingIndicator.swift in Sources */ = {isa = PBXBuildFile; fileRef = 1845F2F21EC3696C0061E259 /* OPLoadingIndicator.swift */; };
		184E67E01EDB953500CF2DE3 /* LandURL+CoreDataClass.swift in Sources */ = {isa = PBXBuildFile; fileRef = 184E67CE1EDB953500CF2DE3 /* LandURL+CoreDataClass.swift */; };
		184E67E11EDB953500CF2DE3 /* LandURL+CoreDataProperties.swift in Sources */ = {isa = PBXBuildFile; fileRef = 184E67CF1EDB953500CF2DE3 /* LandURL+CoreDataProperties.swift */; };
		184E67E21EDB953500CF2DE3 /* ImageURL+CoreDataClass.swift in Sources */ = {isa = PBXBuildFile; fileRef = 184E67D01EDB953500CF2DE3 /* ImageURL+CoreDataClass.swift */; };
		184E67E31EDB953500CF2DE3 /* ImageURL+CoreDataProperties.swift in Sources */ = {isa = PBXBuildFile; fileRef = 184E67D11EDB953500CF2DE3 /* ImageURL+CoreDataProperties.swift */; };
		184E67E61EDB953500CF2DE3 /* Comment+CoreDataClass.swift in Sources */ = {isa = PBXBuildFile; fileRef = 184E67D41EDB953500CF2DE3 /* Comment+CoreDataClass.swift */; };
		184E67E71EDB953500CF2DE3 /* Comment+CoreDataProperties.swift in Sources */ = {isa = PBXBuildFile; fileRef = 184E67D51EDB953500CF2DE3 /* Comment+CoreDataProperties.swift */; };
		184E67E81EDB953500CF2DE3 /* ImageGroup+CoreDataClass.swift in Sources */ = {isa = PBXBuildFile; fileRef = 184E67D61EDB953500CF2DE3 /* ImageGroup+CoreDataClass.swift */; };
		184E67E91EDB953500CF2DE3 /* ImageGroup+CoreDataProperties.swift in Sources */ = {isa = PBXBuildFile; fileRef = 184E67D71EDB953500CF2DE3 /* ImageGroup+CoreDataProperties.swift */; };
		184E67EA1EDB953500CF2DE3 /* Meta+CoreDataClass.swift in Sources */ = {isa = PBXBuildFile; fileRef = 184E67D81EDB953500CF2DE3 /* Meta+CoreDataClass.swift */; };
		184E67EB1EDB953500CF2DE3 /* Meta+CoreDataProperties.swift in Sources */ = {isa = PBXBuildFile; fileRef = 184E67D91EDB953500CF2DE3 /* Meta+CoreDataProperties.swift */; };
		184E67EC1EDB953500CF2DE3 /* CommentURL+CoreDataClass.swift in Sources */ = {isa = PBXBuildFile; fileRef = 184E67DA1EDB953500CF2DE3 /* CommentURL+CoreDataClass.swift */; };
		184E67ED1EDB953500CF2DE3 /* CommentURL+CoreDataProperties.swift in Sources */ = {isa = PBXBuildFile; fileRef = 184E67DB1EDB953500CF2DE3 /* CommentURL+CoreDataProperties.swift */; };
		184E67F81EDB971F00CF2DE3 /* User+CoreDataClass.swift in Sources */ = {isa = PBXBuildFile; fileRef = 184E67F61EDB971F00CF2DE3 /* User+CoreDataClass.swift */; };
		184E67F91EDB971F00CF2DE3 /* User+CoreDataProperties.swift in Sources */ = {isa = PBXBuildFile; fileRef = 184E67F71EDB971F00CF2DE3 /* User+CoreDataProperties.swift */; };
		184E67FC1EDCD8C200CF2DE3 /* Farm+CoreDataClass.swift in Sources */ = {isa = PBXBuildFile; fileRef = 184E67FA1EDCD8C200CF2DE3 /* Farm+CoreDataClass.swift */; };
		184E67FD1EDCD8C200CF2DE3 /* Farm+CoreDataProperties.swift in Sources */ = {isa = PBXBuildFile; fileRef = 184E67FB1EDCD8C200CF2DE3 /* Farm+CoreDataProperties.swift */; };
		184E68001EDD48B700CF2DE3 /* Images+CoreDataClass.swift in Sources */ = {isa = PBXBuildFile; fileRef = 184E67FE1EDD48B700CF2DE3 /* Images+CoreDataClass.swift */; };
		184E68011EDD48B700CF2DE3 /* Images+CoreDataProperties.swift in Sources */ = {isa = PBXBuildFile; fileRef = 184E67FF1EDD48B700CF2DE3 /* Images+CoreDataProperties.swift */; };
		184E68041EDE3E5500CF2DE3 /* Land+CoreDataClass.swift in Sources */ = {isa = PBXBuildFile; fileRef = 184E68021EDE3E5500CF2DE3 /* Land+CoreDataClass.swift */; };
		184E68051EDE3E5500CF2DE3 /* Land+CoreDataProperties.swift in Sources */ = {isa = PBXBuildFile; fileRef = 184E68031EDE3E5500CF2DE3 /* Land+CoreDataProperties.swift */; };
		1855E8B61ED10A0400D57019 /* OPFarmRendNoticeViewController.swift in Sources */ = {isa = PBXBuildFile; fileRef = 1855E8B51ED10A0400D57019 /* OPFarmRendNoticeViewController.swift */; };
		187F4B2E1EBBE444000AA4DB /* UpdateProfileTableViewController.swift in Sources */ = {isa = PBXBuildFile; fileRef = 187F4B2D1EBBE444000AA4DB /* UpdateProfileTableViewController.swift */; };
		187F4B311EBBE7D9000AA4DB /* UpdateProfileTableViewCell.swift in Sources */ = {isa = PBXBuildFile; fileRef = 187F4B2F1EBBE7D9000AA4DB /* UpdateProfileTableViewCell.swift */; };
		187F4B361EBC2393000AA4DB /* CoreLocation.framework in Frameworks */ = {isa = PBXBuildFile; fileRef = 187F4B351EBC2393000AA4DB /* CoreLocation.framework */; };
		187F4B381EBC27DF000AA4DB /* LocationUtils.swift in Sources */ = {isa = PBXBuildFile; fileRef = 187F4B371EBC27DF000AA4DB /* LocationUtils.swift */; };
		187F4B3B1EBC41A2000AA4DB /* Location+CoreDataClass.swift in Sources */ = {isa = PBXBuildFile; fileRef = 187F4B391EBC41A2000AA4DB /* Location+CoreDataClass.swift */; };
		187F4B3C1EBC41A2000AA4DB /* Location+CoreDataProperties.swift in Sources */ = {isa = PBXBuildFile; fileRef = 187F4B3A1EBC41A2000AA4DB /* Location+CoreDataProperties.swift */; };
		187F4B401EBC6BB9000AA4DB /* UISaveLocation.swift in Sources */ = {isa = PBXBuildFile; fileRef = 187F4B3F1EBC6BB9000AA4DB /* UISaveLocation.swift */; };
		187F4B421EBF3431000AA4DB /* OPLoadingHUD.swift in Sources */ = {isa = PBXBuildFile; fileRef = 187F4B411EBF3431000AA4DB /* OPLoadingHUD.swift */; };
		187F4B481EC011F4000AA4DB /* OPTransitioningAnimator.swift in Sources */ = {isa = PBXBuildFile; fileRef = 187F4B471EC011F4000AA4DB /* OPTransitioningAnimator.swift */; };
		1885BCB11EB97DDB0099EAEA /* OPMeTableViewController.swift in Sources */ = {isa = PBXBuildFile; fileRef = 1885BCB01EB97DDB0099EAEA /* OPMeTableViewController.swift */; };
		188A5EC61EAE2CE3006CE839 /* OnlinePlantingTests.swift in Sources */ = {isa = PBXBuildFile; fileRef = 188A5EC51EAE2CE3006CE839 /* OnlinePlantingTests.swift */; };
		188A5ED11EAE2CE3006CE839 /* OnlinePlantingUITests.swift in Sources */ = {isa = PBXBuildFile; fileRef = 188A5ED01EAE2CE3006CE839 /* OnlinePlantingUITests.swift */; };
		189052E51EC1EDE100F8DB1A /* OPFarmContainerViewController.swift in Sources */ = {isa = PBXBuildFile; fileRef = 189052E41EC1EDE100F8DB1A /* OPFarmContainerViewController.swift */; };
		189052E71EC1EF4F00F8DB1A /* OPFarmContentViewController.swift in Sources */ = {isa = PBXBuildFile; fileRef = 189052E61EC1EF4F00F8DB1A /* OPFarmContentViewController.swift */; };
		189052ED1EC1F0CE00F8DB1A /* OPSegue.swift in Sources */ = {isa = PBXBuildFile; fileRef = 189052EC1EC1F0CE00F8DB1A /* OPSegue.swift */; };
		1894AB371EC5E538004DED5E /* OPFarmCommentViewController.swift in Sources */ = {isa = PBXBuildFile; fileRef = 1894AB361EC5E538004DED5E /* OPFarmCommentViewController.swift */; };
		1894AB3A1EC5E984004DED5E /* OPComentTableViewCell.swift in Sources */ = {isa = PBXBuildFile; fileRef = 1894AB391EC5E984004DED5E /* OPComentTableViewCell.swift */; };
		1894AB3C1EC5EE41004DED5E /* OPFarmTableViewCell.xib in Resources */ = {isa = PBXBuildFile; fileRef = 1894AB3B1EC5EE41004DED5E /* OPFarmTableViewCell.xib */; };
		1894AB3F1EC7EF2C004DED5E /* OPCommentHereView.xib in Resources */ = {isa = PBXBuildFile; fileRef = 1894AB3E1EC7EF2C004DED5E /* OPCommentHereView.xib */; };
		1894AB411EC7F165004DED5E /* OPCommentHereView.swift in Sources */ = {isa = PBXBuildFile; fileRef = 1894AB401EC7F165004DED5E /* OPCommentHereView.swift */; };
		1894AB431EC89C09004DED5E /* OPCommentInputView.xib in Resources */ = {isa = PBXBuildFile; fileRef = 1894AB421EC89C09004DED5E /* OPCommentInputView.xib */; };
		1894AB451EC89C6C004DED5E /* OPCommentTextView.swift in Sources */ = {isa = PBXBuildFile; fileRef = 1894AB441EC89C6C004DED5E /* OPCommentTextView.swift */; };
		1894AB471EC89D6F004DED5E /* OPCommentInputView.swift in Sources */ = {isa = PBXBuildFile; fileRef = 1894AB461EC89D6F004DED5E /* OPCommentInputView.swift */; };
		1897E6A81EB99A8C008BC24D /* OPMeTableViewCell.swift in Sources */ = {isa = PBXBuildFile; fileRef = 1897E6A61EB99A8C008BC24D /* OPMeTableViewCell.swift */; };
		1897E6A91EB99A8C008BC24D /* OPMeTableViewCell.xib in Resources */ = {isa = PBXBuildFile; fileRef = 1897E6A71EB99A8C008BC24D /* OPMeTableViewCell.xib */; };
		1897E6AB1EB9C58B008BC24D /* ProfileViewController.swift in Sources */ = {isa = PBXBuildFile; fileRef = 1897E6AA1EB9C58B008BC24D /* ProfileViewController.swift */; };
		18B2822D1EB6B6C600010595 /* Security.framework in Frameworks */ = {isa = PBXBuildFile; fileRef = 18B2822C1EB6B6C600010595 /* Security.framework */; };
		18B2822F1EB6C82800010595 /* UIView+Ext.swift in Sources */ = {isa = PBXBuildFile; fileRef = 18B2822E1EB6C82800010595 /* UIView+Ext.swift */; };
		18B282311EB7147D00010595 /* SMSUtils.swift in Sources */ = {isa = PBXBuildFile; fileRef = 18B282301EB7147D00010595 /* SMSUtils.swift */; };
		18B282331EB85D6300010595 /* Common.swift in Sources */ = {isa = PBXBuildFile; fileRef = 18B282321EB85D6300010595 /* Common.swift */; };
		18C06B751EBA91C0007DDC09 /* OPSplitBaseViewController.swift in Sources */ = {isa = PBXBuildFile; fileRef = 18C06B741EBA91C0007DDC09 /* OPSplitBaseViewController.swift */; };
		18C06B771EBA9657007DDC09 /* UIViewController+Ext.swift in Sources */ = {isa = PBXBuildFile; fileRef = 18C06B761EBA9657007DDC09 /* UIViewController+Ext.swift */; };
		18C1E6521EB62C0F001D611B /* libz.tbd in Frameworks */ = {isa = PBXBuildFile; fileRef = 18C1E6511EB62C0F001D611B /* libz.tbd */; };
		18C1E6541EB62C1E001D611B /* libicucore.tbd in Frameworks */ = {isa = PBXBuildFile; fileRef = 18C1E6531EB62C1E001D611B /* libicucore.tbd */; };
		18C1E6561EB62C28001D611B /* MessageUI.framework in Frameworks */ = {isa = PBXBuildFile; fileRef = 18C1E6551EB62C28001D611B /* MessageUI.framework */; };
		18C1E6581EB62C30001D611B /* JavaScriptCore.framework in Frameworks */ = {isa = PBXBuildFile; fileRef = 18C1E6571EB62C30001D611B /* JavaScriptCore.framework */; };
		18C1E65A1EB62C3B001D611B /* libstdc++.tbd in Frameworks */ = {isa = PBXBuildFile; fileRef = 18C1E6591EB62C3B001D611B /* libstdc++.tbd */; };
		18C1F0531EB63E0E001D611B /* CoreDataCollectionViewController.swift in Sources */ = {isa = PBXBuildFile; fileRef = 18C1E6651EB63E0B001D611B /* CoreDataCollectionViewController.swift */; };
		18C1F0541EB63E0E001D611B /* CoreDataTableViewController.swift in Sources */ = {isa = PBXBuildFile; fileRef = 18C1E6661EB63E0B001D611B /* CoreDataTableViewController.swift */; };
		18C1F0551EB63E0E001D611B /* OPTabBarController.swift in Sources */ = {isa = PBXBuildFile; fileRef = 18C1E6671EB63E0B001D611B /* OPTabBarController.swift */; };
		18C1F0561EB63E0E001D611B /* OPTextField.swift in Sources */ = {isa = PBXBuildFile; fileRef = 18C1E6681EB63E0B001D611B /* OPTextField.swift */; };
		18C1F0571EB63E0E001D611B /* OPToastWindow.swift in Sources */ = {isa = PBXBuildFile; fileRef = 18C1E6691EB63E0B001D611B /* OPToastWindow.swift */; };
		18C1F0591EB63E0E001D611B /* OPDataService.swift in Sources */ = {isa = PBXBuildFile; fileRef = 18C1E66D1EB63E0B001D611B /* OPDataService.swift */; };
		18C1F05B1EB63E0E001D611B /* OPHome.storyboard in Resources */ = {isa = PBXBuildFile; fileRef = 18C1E6711EB63E0B001D611B /* OPHome.storyboard */; };
		18C1F05C1EB63E0E001D611B /* OPHomeViewController.swift in Sources */ = {isa = PBXBuildFile; fileRef = 18C1E6721EB63E0B001D611B /* OPHomeViewController.swift */; };
		18C1F05D1EB63E0E001D611B /* OPLive.storyboard in Resources */ = {isa = PBXBuildFile; fileRef = 18C1E6741EB63E0B001D611B /* OPLive.storyboard */; };
		18C1F05E1EB63E0E001D611B /* OPLiveViewController.swift in Sources */ = {isa = PBXBuildFile; fileRef = 18C1E6751EB63E0B001D611B /* OPLiveViewController.swift */; };
		18C1F05F1EB63E0E001D611B /* Login.storyboard in Resources */ = {isa = PBXBuildFile; fileRef = 18C1E6771EB63E0B001D611B /* Login.storyboard */; };
		18C1F0601EB63E0E001D611B /* OPChangePasswordViewController.swift in Sources */ = {isa = PBXBuildFile; fileRef = 18C1E6781EB63E0B001D611B /* OPChangePasswordViewController.swift */; };
		18C1F0611EB63E0E001D611B /* OPLoginMainViewController.swift in Sources */ = {isa = PBXBuildFile; fileRef = 18C1E6791EB63E0B001D611B /* OPLoginMainViewController.swift */; };
		18C1F0621EB63E0E001D611B /* OPMe.storyboard in Resources */ = {isa = PBXBuildFile; fileRef = 18C1E67B1EB63E0B001D611B /* OPMe.storyboard */; };
		18C1F0631EB63E0E001D611B /* OPMeViewController.swift in Sources */ = {isa = PBXBuildFile; fileRef = 18C1E67C1EB63E0B001D611B /* OPMeViewController.swift */; };
		18C1F0641EB63E0E001D611B /* OPMyGarden.storyboard in Resources */ = {isa = PBXBuildFile; fileRef = 18C1E67E1EB63E0B001D611B /* OPMyGarden.storyboard */; };
		18C1F0651EB63E0E001D611B /* OPMyGardenViewController.swift in Sources */ = {isa = PBXBuildFile; fileRef = 18C1E67F1EB63E0B001D611B /* OPMyGardenViewController.swift */; };
		18C1F0671EB63E0E001D611B /* OPFarmListViewController.swift in Sources */ = {isa = PBXBuildFile; fileRef = 18C1E6821EB63E0B001D611B /* OPFarmListViewController.swift */; };
		18C1F0681EB63E0E001D611B /* Networking.swift in Sources */ = {isa = PBXBuildFile; fileRef = 18C1E6841EB63E0B001D611B /* Networking.swift */; };
		18C1F0691EB63E0E001D611B /* NetworkingAPIMapping.swift in Sources */ = {isa = PBXBuildFile; fileRef = 18C1E6851EB63E0B001D611B /* NetworkingAPIMapping.swift */; };
		18C1F06A1EB63E0E001D611B /* NetworkingAPIs.swift in Sources */ = {isa = PBXBuildFile; fileRef = 18C1E6861EB63E0B001D611B /* NetworkingAPIs.swift */; };
		18DA4FC71EE05ADA0025BC51 /* OPVegetableViewController.swift in Sources */ = {isa = PBXBuildFile; fileRef = 18DA4FC61EE05ADA0025BC51 /* OPVegetableViewController.swift */; };
		18DA4FCD1EE05D1A0025BC51 /* OPVegetable.storyboard in Resources */ = {isa = PBXBuildFile; fileRef = 18DA4FCC1EE05D1A0025BC51 /* OPVegetable.storyboard */; };
		18E31DBB1EC9AA76004A8505 /* FarmActivityTableViewCell.swift in Sources */ = {isa = PBXBuildFile; fileRef = 18E31DB91EC9AA76004A8505 /* FarmActivityTableViewCell.swift */; };
		18E31DBC1EC9AA76004A8505 /* FarmActivityTableViewCell.xib in Resources */ = {isa = PBXBuildFile; fileRef = 18E31DBA1EC9AA76004A8505 /* FarmActivityTableViewCell.xib */; };
		18E31DBE1EC9B108004A8505 /* OPActivityTableViewController.swift in Sources */ = {isa = PBXBuildFile; fileRef = 18E31DBD1EC9B108004A8505 /* OPActivityTableViewController.swift */; };
		18E31DF01ECB4DFA004A8505 /* TimeUtils.swift in Sources */ = {isa = PBXBuildFile; fileRef = 18E31DEF1ECB4DFA004A8505 /* TimeUtils.swift */; };
		18E31DF21ECC4817004A8505 /* OPFarmCommentRepliedTableViewController.swift in Sources */ = {isa = PBXBuildFile; fileRef = 18E31DF11ECC4817004A8505 /* OPFarmCommentRepliedTableViewController.swift */; };
		18E31DF41ECC881E004A8505 /* OPCommentRepliedTableViewCell.swift in Sources */ = {isa = PBXBuildFile; fileRef = 18E31DF31ECC881E004A8505 /* OPCommentRepliedTableViewCell.swift */; };
		18E31DFA1ED07696004A8505 /* OPFarmAlbumCollectionViewController.swift in Sources */ = {isa = PBXBuildFile; fileRef = 18E31DF91ED07696004A8505 /* OPFarmAlbumCollectionViewController.swift */; };
		18E31DFC1ED077ED004A8505 /* OPFarmAlbumCollectionViewCell.swift in Sources */ = {isa = PBXBuildFile; fileRef = 18E31DFB1ED077ED004A8505 /* OPFarmAlbumCollectionViewCell.swift */; };
		18E810C51EC0287E00EDA5D8 /* OPFarmDetailedViewController.swift in Sources */ = {isa = PBXBuildFile; fileRef = 18E810C41EC0287E00EDA5D8 /* OPFarmDetailedViewController.swift */; };
		18E810C81EC028A000EDA5D8 /* OPFarmTableViewCell.swift in Sources */ = {isa = PBXBuildFile; fileRef = 18E810C61EC028A000EDA5D8 /* OPFarmTableViewCell.swift */; };
		18F6F6431ED3018E006FB8A3 /* OPLandPageViewController.swift in Sources */ = {isa = PBXBuildFile; fileRef = 18F6F6421ED3018E006FB8A3 /* OPLandPageViewController.swift */; };
		18F6F6451ED301AD006FB8A3 /* OPLandViewController.swift in Sources */ = {isa = PBXBuildFile; fileRef = 18F6F6441ED301AD006FB8A3 /* OPLandViewController.swift */; };
		18F6F6471ED30322006FB8A3 /* OPSingleLandViewController.swift in Sources */ = {isa = PBXBuildFile; fileRef = 18F6F6461ED30322006FB8A3 /* OPSingleLandViewController.swift */; };
		18F6F6491ED31EA5006FB8A3 /* OPLandCollectionViewCell.swift in Sources */ = {isa = PBXBuildFile; fileRef = 18F6F6481ED31EA5006FB8A3 /* OPLandCollectionViewCell.swift */; };
		18F6F64B1ED32D98006FB8A3 /* OPLandSelectedCollectionViewCell.swift in Sources */ = {isa = PBXBuildFile; fileRef = 18F6F64A1ED32D98006FB8A3 /* OPLandSelectedCollectionViewCell.swift */; };
		834DBDF917F40DD8ADCCAF54 /* Pods_OnlinePlanting.framework in Frameworks */ = {isa = PBXBuildFile; fileRef = 7A7EB05F00F4CC6A9D8CFDD7 /* Pods_OnlinePlanting.framework */; };
/* End PBXBuildFile section */

/* Begin PBXContainerItemProxy section */
		188A5EC21EAE2CE3006CE839 /* PBXContainerItemProxy */ = {
			isa = PBXContainerItemProxy;
			containerPortal = 188A5EA21EAE2CE3006CE839 /* Project object */;
			proxyType = 1;
			remoteGlobalIDString = 188A5EA91EAE2CE3006CE839;
			remoteInfo = OnlinePlanting;
		};
		188A5ECD1EAE2CE3006CE839 /* PBXContainerItemProxy */ = {
			isa = PBXContainerItemProxy;
			containerPortal = 188A5EA21EAE2CE3006CE839 /* Project object */;
			proxyType = 1;
			remoteGlobalIDString = 188A5EA91EAE2CE3006CE839;
			remoteInfo = OnlinePlanting;
		};
/* End PBXContainerItemProxy section */

/* Begin PBXFileReference section */
		180688C91EB8C28300CEE3BF /* Profile+CoreDataClass.swift */ = {isa = PBXFileReference; fileEncoding = 4; lastKnownFileType = sourcecode.swift; path = "Profile+CoreDataClass.swift"; sourceTree = "<group>"; };
		180688CA1EB8C28300CEE3BF /* Profile+CoreDataProperties.swift */ = {isa = PBXFileReference; fileEncoding = 4; lastKnownFileType = sourcecode.swift; path = "Profile+CoreDataProperties.swift"; sourceTree = "<group>"; };
		1818CD521EBAC33C009BE305 /* OPMeDetailedTableViewCell.swift */ = {isa = PBXFileReference; fileEncoding = 4; lastKnownFileType = sourcecode.swift; path = OPMeDetailedTableViewCell.swift; sourceTree = "<group>"; };
		1818CD531EBAC33C009BE305 /* OPMeDetailedTableViewCell.xib */ = {isa = PBXFileReference; fileEncoding = 4; lastKnownFileType = file.xib; path = OPMeDetailedTableViewCell.xib; sourceTree = "<group>"; };
		182D4D1D1EE0376F00C29B86 /* OPFarm.storyboard */ = {isa = PBXFileReference; fileEncoding = 4; lastKnownFileType = file.storyboard; name = OPFarm.storyboard; path = Farm/View/OPFarm.storyboard; sourceTree = "<group>"; };
		182E98991ED6367D006FEBBA /* UIAlertController+Ext.swift */ = {isa = PBXFileReference; fileEncoding = 4; lastKnownFileType = sourcecode.swift; path = "UIAlertController+Ext.swift"; sourceTree = "<group>"; };
		182E98A31ED6FBD3006FEBBA /* AlbumHeaderCollectionReusableView.swift */ = {isa = PBXFileReference; fileEncoding = 4; lastKnownFileType = sourcecode.swift; name = AlbumHeaderCollectionReusableView.swift; path = Farm/View/AlbumHeaderCollectionReusableView.swift; sourceTree = "<group>"; };
		182E98A41ED6FBD3006FEBBA /* AlbumHeaderCollectionReusableView.xib */ = {isa = PBXFileReference; fileEncoding = 4; lastKnownFileType = file.xib; name = AlbumHeaderCollectionReusableView.xib; path = Farm/View/AlbumHeaderCollectionReusableView.xib; sourceTree = "<group>"; };
		182E98A71ED71702006FEBBA /* LandOverviewViewController.swift */ = {isa = PBXFileReference; fileEncoding = 4; lastKnownFileType = sourcecode.swift; name = LandOverviewViewController.swift; path = Farm/Land/LandOverviewViewController.swift; sourceTree = "<group>"; };
		183D82701EB6442D00B9F028 /* OnlinePlanting.xcdatamodel */ = {isa = PBXFileReference; lastKnownFileType = wrapper.xcdatamodel; path = OnlinePlanting.xcdatamodel; sourceTree = "<group>"; };
		183D82761EB647DF00B9F028 /* AppDelegate.swift */ = {isa = PBXFileReference; fileEncoding = 4; lastKnownFileType = sourcecode.swift; path = AppDelegate.swift; sourceTree = "<group>"; };
		183D827F1EB64AE200B9F028 /* Base */ = {isa = PBXFileReference; lastKnownFileType = file.storyboard; name = Base; path = Base.lproj/LaunchScreen.storyboard; sourceTree = "<group>"; };
		183D82811EB64AE200B9F028 /* Base */ = {isa = PBXFileReference; lastKnownFileType = file.storyboard; name = Base; path = Base.lproj/Main.storyboard; sourceTree = "<group>"; };
		183D82841EB64B2600B9F028 /* Assets.xcassets */ = {isa = PBXFileReference; lastKnownFileType = folder.assetcatalog; path = Assets.xcassets; sourceTree = "<group>"; };
		183D82861EB64B3900B9F028 /* Info.plist */ = {isa = PBXFileReference; fileEncoding = 4; lastKnownFileType = text.plist.xml; path = Info.plist; sourceTree = "<group>"; };
		183D82881EB64B6400B9F028 /* String+Ext.swift */ = {isa = PBXFileReference; fileEncoding = 4; lastKnownFileType = sourcecode.swift; path = "String+Ext.swift"; sourceTree = "<group>"; };
		183D828A1EB64BF000B9F028 /* UIBarButtonItem+Ext.swift */ = {isa = PBXFileReference; fileEncoding = 4; lastKnownFileType = sourcecode.swift; path = "UIBarButtonItem+Ext.swift"; sourceTree = "<group>"; };
		183D828C1EB64C3000B9F028 /* UIColor+Ext.swift */ = {isa = PBXFileReference; fileEncoding = 4; lastKnownFileType = sourcecode.swift; path = "UIColor+Ext.swift"; sourceTree = "<group>"; };
		183D828F1EB64CB300B9F028 /* MOBFoundation.framework */ = {isa = PBXFileReference; lastKnownFileType = wrapper.framework; path = MOBFoundation.framework; sourceTree = "<group>"; };
		183D82901EB64CB300B9F028 /* MOBFoundationEx.framework */ = {isa = PBXFileReference; lastKnownFileType = wrapper.framework; path = MOBFoundationEx.framework; sourceTree = "<group>"; };
		183D82911EB64CB300B9F028 /* SMS_SDK.framework */ = {isa = PBXFileReference; lastKnownFileType = wrapper.framework; path = SMS_SDK.framework; sourceTree = "<group>"; };
		1845F2F21EC3696C0061E259 /* OPLoadingIndicator.swift */ = {isa = PBXFileReference; fileEncoding = 4; lastKnownFileType = sourcecode.swift; path = OPLoadingIndicator.swift; sourceTree = "<group>"; };
		184E67CE1EDB953500CF2DE3 /* LandURL+CoreDataClass.swift */ = {isa = PBXFileReference; fileEncoding = 4; lastKnownFileType = sourcecode.swift; path = "LandURL+CoreDataClass.swift"; sourceTree = "<group>"; };
		184E67CF1EDB953500CF2DE3 /* LandURL+CoreDataProperties.swift */ = {isa = PBXFileReference; fileEncoding = 4; lastKnownFileType = sourcecode.swift; path = "LandURL+CoreDataProperties.swift"; sourceTree = "<group>"; };
		184E67D01EDB953500CF2DE3 /* ImageURL+CoreDataClass.swift */ = {isa = PBXFileReference; fileEncoding = 4; lastKnownFileType = sourcecode.swift; path = "ImageURL+CoreDataClass.swift"; sourceTree = "<group>"; };
		184E67D11EDB953500CF2DE3 /* ImageURL+CoreDataProperties.swift */ = {isa = PBXFileReference; fileEncoding = 4; lastKnownFileType = sourcecode.swift; path = "ImageURL+CoreDataProperties.swift"; sourceTree = "<group>"; };
		184E67D41EDB953500CF2DE3 /* Comment+CoreDataClass.swift */ = {isa = PBXFileReference; fileEncoding = 4; lastKnownFileType = sourcecode.swift; path = "Comment+CoreDataClass.swift"; sourceTree = "<group>"; };
		184E67D51EDB953500CF2DE3 /* Comment+CoreDataProperties.swift */ = {isa = PBXFileReference; fileEncoding = 4; lastKnownFileType = sourcecode.swift; path = "Comment+CoreDataProperties.swift"; sourceTree = "<group>"; };
		184E67D61EDB953500CF2DE3 /* ImageGroup+CoreDataClass.swift */ = {isa = PBXFileReference; fileEncoding = 4; lastKnownFileType = sourcecode.swift; path = "ImageGroup+CoreDataClass.swift"; sourceTree = "<group>"; };
		184E67D71EDB953500CF2DE3 /* ImageGroup+CoreDataProperties.swift */ = {isa = PBXFileReference; fileEncoding = 4; lastKnownFileType = sourcecode.swift; path = "ImageGroup+CoreDataProperties.swift"; sourceTree = "<group>"; };
		184E67D81EDB953500CF2DE3 /* Meta+CoreDataClass.swift */ = {isa = PBXFileReference; fileEncoding = 4; lastKnownFileType = sourcecode.swift; path = "Meta+CoreDataClass.swift"; sourceTree = "<group>"; };
		184E67D91EDB953500CF2DE3 /* Meta+CoreDataProperties.swift */ = {isa = PBXFileReference; fileEncoding = 4; lastKnownFileType = sourcecode.swift; path = "Meta+CoreDataProperties.swift"; sourceTree = "<group>"; };
		184E67DA1EDB953500CF2DE3 /* CommentURL+CoreDataClass.swift */ = {isa = PBXFileReference; fileEncoding = 4; lastKnownFileType = sourcecode.swift; path = "CommentURL+CoreDataClass.swift"; sourceTree = "<group>"; };
		184E67DB1EDB953500CF2DE3 /* CommentURL+CoreDataProperties.swift */ = {isa = PBXFileReference; fileEncoding = 4; lastKnownFileType = sourcecode.swift; path = "CommentURL+CoreDataProperties.swift"; sourceTree = "<group>"; };
		184E67F61EDB971F00CF2DE3 /* User+CoreDataClass.swift */ = {isa = PBXFileReference; fileEncoding = 4; lastKnownFileType = sourcecode.swift; path = "User+CoreDataClass.swift"; sourceTree = "<group>"; };
		184E67F71EDB971F00CF2DE3 /* User+CoreDataProperties.swift */ = {isa = PBXFileReference; fileEncoding = 4; lastKnownFileType = sourcecode.swift; path = "User+CoreDataProperties.swift"; sourceTree = "<group>"; };
		184E67FA1EDCD8C200CF2DE3 /* Farm+CoreDataClass.swift */ = {isa = PBXFileReference; fileEncoding = 4; lastKnownFileType = sourcecode.swift; path = "Farm+CoreDataClass.swift"; sourceTree = "<group>"; };
		184E67FB1EDCD8C200CF2DE3 /* Farm+CoreDataProperties.swift */ = {isa = PBXFileReference; fileEncoding = 4; lastKnownFileType = sourcecode.swift; path = "Farm+CoreDataProperties.swift"; sourceTree = "<group>"; };
		184E67FE1EDD48B700CF2DE3 /* Images+CoreDataClass.swift */ = {isa = PBXFileReference; fileEncoding = 4; lastKnownFileType = sourcecode.swift; path = "Images+CoreDataClass.swift"; sourceTree = "<group>"; };
		184E67FF1EDD48B700CF2DE3 /* Images+CoreDataProperties.swift */ = {isa = PBXFileReference; fileEncoding = 4; lastKnownFileType = sourcecode.swift; path = "Images+CoreDataProperties.swift"; sourceTree = "<group>"; };
		184E68021EDE3E5500CF2DE3 /* Land+CoreDataClass.swift */ = {isa = PBXFileReference; fileEncoding = 4; lastKnownFileType = sourcecode.swift; path = "Land+CoreDataClass.swift"; sourceTree = "<group>"; };
		184E68031EDE3E5500CF2DE3 /* Land+CoreDataProperties.swift */ = {isa = PBXFileReference; fileEncoding = 4; lastKnownFileType = sourcecode.swift; path = "Land+CoreDataProperties.swift"; sourceTree = "<group>"; };
		1855E8B51ED10A0400D57019 /* OPFarmRendNoticeViewController.swift */ = {isa = PBXFileReference; fileEncoding = 4; lastKnownFileType = sourcecode.swift; name = OPFarmRendNoticeViewController.swift; path = Farm/OPFarmRendNoticeViewController.swift; sourceTree = "<group>"; };
		187F4B2D1EBBE444000AA4DB /* UpdateProfileTableViewController.swift */ = {isa = PBXFileReference; fileEncoding = 4; lastKnownFileType = sourcecode.swift; path = UpdateProfileTableViewController.swift; sourceTree = "<group>"; };
		187F4B2F1EBBE7D9000AA4DB /* UpdateProfileTableViewCell.swift */ = {isa = PBXFileReference; fileEncoding = 4; lastKnownFileType = sourcecode.swift; path = UpdateProfileTableViewCell.swift; sourceTree = "<group>"; };
		187F4B331EBC2081000AA4DB /* MapKit.framework */ = {isa = PBXFileReference; lastKnownFileType = wrapper.framework; name = MapKit.framework; path = System/Library/Frameworks/MapKit.framework; sourceTree = SDKROOT; };
		187F4B351EBC2393000AA4DB /* CoreLocation.framework */ = {isa = PBXFileReference; lastKnownFileType = wrapper.framework; name = CoreLocation.framework; path = System/Library/Frameworks/CoreLocation.framework; sourceTree = SDKROOT; };
		187F4B371EBC27DF000AA4DB /* LocationUtils.swift */ = {isa = PBXFileReference; fileEncoding = 4; lastKnownFileType = sourcecode.swift; path = LocationUtils.swift; sourceTree = "<group>"; };
		187F4B391EBC41A2000AA4DB /* Location+CoreDataClass.swift */ = {isa = PBXFileReference; fileEncoding = 4; lastKnownFileType = sourcecode.swift; path = "Location+CoreDataClass.swift"; sourceTree = "<group>"; };
		187F4B3A1EBC41A2000AA4DB /* Location+CoreDataProperties.swift */ = {isa = PBXFileReference; fileEncoding = 4; lastKnownFileType = sourcecode.swift; path = "Location+CoreDataProperties.swift"; sourceTree = "<group>"; };
		187F4B3F1EBC6BB9000AA4DB /* UISaveLocation.swift */ = {isa = PBXFileReference; fileEncoding = 4; lastKnownFileType = sourcecode.swift; path = UISaveLocation.swift; sourceTree = "<group>"; };
		187F4B411EBF3431000AA4DB /* OPLoadingHUD.swift */ = {isa = PBXFileReference; fileEncoding = 4; lastKnownFileType = sourcecode.swift; path = OPLoadingHUD.swift; sourceTree = "<group>"; };
		187F4B471EC011F4000AA4DB /* OPTransitioningAnimator.swift */ = {isa = PBXFileReference; fileEncoding = 4; lastKnownFileType = sourcecode.swift; path = OPTransitioningAnimator.swift; sourceTree = "<group>"; };
		1885BCB01EB97DDB0099EAEA /* OPMeTableViewController.swift */ = {isa = PBXFileReference; fileEncoding = 4; lastKnownFileType = sourcecode.swift; path = OPMeTableViewController.swift; sourceTree = "<group>"; };
		188A5EAA1EAE2CE3006CE839 /* OnlinePlanting.app */ = {isa = PBXFileReference; explicitFileType = wrapper.application; includeInIndex = 0; path = OnlinePlanting.app; sourceTree = BUILT_PRODUCTS_DIR; };
		188A5EC11EAE2CE3006CE839 /* OnlinePlantingTests.xctest */ = {isa = PBXFileReference; explicitFileType = wrapper.cfbundle; includeInIndex = 0; path = OnlinePlantingTests.xctest; sourceTree = BUILT_PRODUCTS_DIR; };
		188A5EC51EAE2CE3006CE839 /* OnlinePlantingTests.swift */ = {isa = PBXFileReference; lastKnownFileType = sourcecode.swift; path = OnlinePlantingTests.swift; sourceTree = "<group>"; };
		188A5ECC1EAE2CE3006CE839 /* OnlinePlantingUITests.xctest */ = {isa = PBXFileReference; explicitFileType = wrapper.cfbundle; includeInIndex = 0; path = OnlinePlantingUITests.xctest; sourceTree = BUILT_PRODUCTS_DIR; };
		188A5ED01EAE2CE3006CE839 /* OnlinePlantingUITests.swift */ = {isa = PBXFileReference; lastKnownFileType = sourcecode.swift; path = OnlinePlantingUITests.swift; sourceTree = "<group>"; };
		188A5ED21EAE2CE3006CE839 /* Info.plist */ = {isa = PBXFileReference; lastKnownFileType = text.plist.xml; path = Info.plist; sourceTree = "<group>"; };
		189052E41EC1EDE100F8DB1A /* OPFarmContainerViewController.swift */ = {isa = PBXFileReference; fileEncoding = 4; lastKnownFileType = sourcecode.swift; name = OPFarmContainerViewController.swift; path = Farm/OPFarmContainerViewController.swift; sourceTree = "<group>"; };
		189052E61EC1EF4F00F8DB1A /* OPFarmContentViewController.swift */ = {isa = PBXFileReference; fileEncoding = 4; lastKnownFileType = sourcecode.swift; name = OPFarmContentViewController.swift; path = Farm/OPFarmContentViewController.swift; sourceTree = "<group>"; };
		189052EC1EC1F0CE00F8DB1A /* OPSegue.swift */ = {isa = PBXFileReference; fileEncoding = 4; lastKnownFileType = sourcecode.swift; path = OPSegue.swift; sourceTree = "<group>"; };
		1894AB361EC5E538004DED5E /* OPFarmCommentViewController.swift */ = {isa = PBXFileReference; fileEncoding = 4; lastKnownFileType = sourcecode.swift; name = OPFarmCommentViewController.swift; path = Farm/OPFarmCommentViewController.swift; sourceTree = "<group>"; };
		1894AB391EC5E984004DED5E /* OPComentTableViewCell.swift */ = {isa = PBXFileReference; fileEncoding = 4; lastKnownFileType = sourcecode.swift; name = OPComentTableViewCell.swift; path = Farm/View/OPComentTableViewCell.swift; sourceTree = "<group>"; };
		1894AB3B1EC5EE41004DED5E /* OPFarmTableViewCell.xib */ = {isa = PBXFileReference; fileEncoding = 4; lastKnownFileType = file.xib; name = OPFarmTableViewCell.xib; path = VegetableList/OPFarmTableViewCell.xib; sourceTree = "<group>"; };
		1894AB3E1EC7EF2C004DED5E /* OPCommentHereView.xib */ = {isa = PBXFileReference; fileEncoding = 4; lastKnownFileType = file.xib; path = OPCommentHereView.xib; sourceTree = "<group>"; };
		1894AB401EC7F165004DED5E /* OPCommentHereView.swift */ = {isa = PBXFileReference; fileEncoding = 4; lastKnownFileType = sourcecode.swift; name = OPCommentHereView.swift; path = Comment/OPCommentHereView.swift; sourceTree = "<group>"; };
		1894AB421EC89C09004DED5E /* OPCommentInputView.xib */ = {isa = PBXFileReference; fileEncoding = 4; lastKnownFileType = file.xib; path = OPCommentInputView.xib; sourceTree = "<group>"; };
		1894AB441EC89C6C004DED5E /* OPCommentTextView.swift */ = {isa = PBXFileReference; fileEncoding = 4; lastKnownFileType = sourcecode.swift; path = OPCommentTextView.swift; sourceTree = "<group>"; };
		1894AB461EC89D6F004DED5E /* OPCommentInputView.swift */ = {isa = PBXFileReference; fileEncoding = 4; lastKnownFileType = sourcecode.swift; name = OPCommentInputView.swift; path = Comment/OPCommentInputView.swift; sourceTree = "<group>"; };
		1897E6A61EB99A8C008BC24D /* OPMeTableViewCell.swift */ = {isa = PBXFileReference; fileEncoding = 4; lastKnownFileType = sourcecode.swift; path = OPMeTableViewCell.swift; sourceTree = "<group>"; };
		1897E6A71EB99A8C008BC24D /* OPMeTableViewCell.xib */ = {isa = PBXFileReference; fileEncoding = 4; lastKnownFileType = file.xib; path = OPMeTableViewCell.xib; sourceTree = "<group>"; };
		1897E6AA1EB9C58B008BC24D /* ProfileViewController.swift */ = {isa = PBXFileReference; fileEncoding = 4; lastKnownFileType = sourcecode.swift; path = ProfileViewController.swift; sourceTree = "<group>"; };
		18B2822B1EB64EC000010595 /* OnlinePlanting-Bridging-Header.h */ = {isa = PBXFileReference; lastKnownFileType = sourcecode.c.h; path = "OnlinePlanting-Bridging-Header.h"; sourceTree = "<group>"; };
		18B2822C1EB6B6C600010595 /* Security.framework */ = {isa = PBXFileReference; lastKnownFileType = wrapper.framework; name = Security.framework; path = System/Library/Frameworks/Security.framework; sourceTree = SDKROOT; };
		18B2822E1EB6C82800010595 /* UIView+Ext.swift */ = {isa = PBXFileReference; fileEncoding = 4; lastKnownFileType = sourcecode.swift; path = "UIView+Ext.swift"; sourceTree = "<group>"; };
		18B282301EB7147D00010595 /* SMSUtils.swift */ = {isa = PBXFileReference; fileEncoding = 4; lastKnownFileType = sourcecode.swift; path = SMSUtils.swift; sourceTree = "<group>"; };
		18B282321EB85D6300010595 /* Common.swift */ = {isa = PBXFileReference; fileEncoding = 4; lastKnownFileType = sourcecode.swift; path = Common.swift; sourceTree = "<group>"; };
		18C06B741EBA91C0007DDC09 /* OPSplitBaseViewController.swift */ = {isa = PBXFileReference; fileEncoding = 4; lastKnownFileType = sourcecode.swift; path = OPSplitBaseViewController.swift; sourceTree = "<group>"; };
		18C06B761EBA9657007DDC09 /* UIViewController+Ext.swift */ = {isa = PBXFileReference; fileEncoding = 4; lastKnownFileType = sourcecode.swift; path = "UIViewController+Ext.swift"; sourceTree = "<group>"; };
		18C1E6511EB62C0F001D611B /* libz.tbd */ = {isa = PBXFileReference; lastKnownFileType = "sourcecode.text-based-dylib-definition"; name = libz.tbd; path = usr/lib/libz.tbd; sourceTree = SDKROOT; };
		18C1E6531EB62C1E001D611B /* libicucore.tbd */ = {isa = PBXFileReference; lastKnownFileType = "sourcecode.text-based-dylib-definition"; name = libicucore.tbd; path = usr/lib/libicucore.tbd; sourceTree = SDKROOT; };
		18C1E6551EB62C28001D611B /* MessageUI.framework */ = {isa = PBXFileReference; lastKnownFileType = wrapper.framework; name = MessageUI.framework; path = System/Library/Frameworks/MessageUI.framework; sourceTree = SDKROOT; };
		18C1E6571EB62C30001D611B /* JavaScriptCore.framework */ = {isa = PBXFileReference; lastKnownFileType = wrapper.framework; name = JavaScriptCore.framework; path = System/Library/Frameworks/JavaScriptCore.framework; sourceTree = SDKROOT; };
		18C1E6591EB62C3B001D611B /* libstdc++.tbd */ = {isa = PBXFileReference; lastKnownFileType = "sourcecode.text-based-dylib-definition"; name = "libstdc++.tbd"; path = "usr/lib/libstdc++.tbd"; sourceTree = SDKROOT; };
		18C1E6651EB63E0B001D611B /* CoreDataCollectionViewController.swift */ = {isa = PBXFileReference; fileEncoding = 4; lastKnownFileType = sourcecode.swift; path = CoreDataCollectionViewController.swift; sourceTree = "<group>"; };
		18C1E6661EB63E0B001D611B /* CoreDataTableViewController.swift */ = {isa = PBXFileReference; fileEncoding = 4; lastKnownFileType = sourcecode.swift; path = CoreDataTableViewController.swift; sourceTree = "<group>"; };
		18C1E6671EB63E0B001D611B /* OPTabBarController.swift */ = {isa = PBXFileReference; fileEncoding = 4; lastKnownFileType = sourcecode.swift; path = OPTabBarController.swift; sourceTree = "<group>"; };
		18C1E6681EB63E0B001D611B /* OPTextField.swift */ = {isa = PBXFileReference; fileEncoding = 4; lastKnownFileType = sourcecode.swift; path = OPTextField.swift; sourceTree = "<group>"; };
		18C1E6691EB63E0B001D611B /* OPToastWindow.swift */ = {isa = PBXFileReference; fileEncoding = 4; lastKnownFileType = sourcecode.swift; path = OPToastWindow.swift; sourceTree = "<group>"; };
		18C1E66D1EB63E0B001D611B /* OPDataService.swift */ = {isa = PBXFileReference; fileEncoding = 4; lastKnownFileType = sourcecode.swift; path = OPDataService.swift; sourceTree = "<group>"; };
		18C1E6711EB63E0B001D611B /* OPHome.storyboard */ = {isa = PBXFileReference; fileEncoding = 4; lastKnownFileType = file.storyboard; path = OPHome.storyboard; sourceTree = "<group>"; };
		18C1E6721EB63E0B001D611B /* OPHomeViewController.swift */ = {isa = PBXFileReference; fileEncoding = 4; lastKnownFileType = sourcecode.swift; path = OPHomeViewController.swift; sourceTree = "<group>"; };
		18C1E6741EB63E0B001D611B /* OPLive.storyboard */ = {isa = PBXFileReference; fileEncoding = 4; lastKnownFileType = file.storyboard; path = OPLive.storyboard; sourceTree = "<group>"; };
		18C1E6751EB63E0B001D611B /* OPLiveViewController.swift */ = {isa = PBXFileReference; fileEncoding = 4; lastKnownFileType = sourcecode.swift; path = OPLiveViewController.swift; sourceTree = "<group>"; };
		18C1E6771EB63E0B001D611B /* Login.storyboard */ = {isa = PBXFileReference; fileEncoding = 4; lastKnownFileType = file.storyboard; path = Login.storyboard; sourceTree = "<group>"; };
		18C1E6781EB63E0B001D611B /* OPChangePasswordViewController.swift */ = {isa = PBXFileReference; fileEncoding = 4; lastKnownFileType = sourcecode.swift; path = OPChangePasswordViewController.swift; sourceTree = "<group>"; };
		18C1E6791EB63E0B001D611B /* OPLoginMainViewController.swift */ = {isa = PBXFileReference; fileEncoding = 4; lastKnownFileType = sourcecode.swift; path = OPLoginMainViewController.swift; sourceTree = "<group>"; };
		18C1E67B1EB63E0B001D611B /* OPMe.storyboard */ = {isa = PBXFileReference; fileEncoding = 4; lastKnownFileType = file.storyboard; path = OPMe.storyboard; sourceTree = "<group>"; };
		18C1E67C1EB63E0B001D611B /* OPMeViewController.swift */ = {isa = PBXFileReference; fileEncoding = 4; lastKnownFileType = sourcecode.swift; path = OPMeViewController.swift; sourceTree = "<group>"; };
		18C1E67E1EB63E0B001D611B /* OPMyGarden.storyboard */ = {isa = PBXFileReference; fileEncoding = 4; lastKnownFileType = file.storyboard; path = OPMyGarden.storyboard; sourceTree = "<group>"; };
		18C1E67F1EB63E0B001D611B /* OPMyGardenViewController.swift */ = {isa = PBXFileReference; fileEncoding = 4; lastKnownFileType = sourcecode.swift; path = OPMyGardenViewController.swift; sourceTree = "<group>"; };
		18C1E6821EB63E0B001D611B /* OPFarmListViewController.swift */ = {isa = PBXFileReference; fileEncoding = 4; lastKnownFileType = sourcecode.swift; name = OPFarmListViewController.swift; path = VegetableList/OPFarmListViewController.swift; sourceTree = "<group>"; };
		18C1E6841EB63E0B001D611B /* Networking.swift */ = {isa = PBXFileReference; fileEncoding = 4; lastKnownFileType = sourcecode.swift; path = Networking.swift; sourceTree = "<group>"; };
		18C1E6851EB63E0B001D611B /* NetworkingAPIMapping.swift */ = {isa = PBXFileReference; fileEncoding = 4; lastKnownFileType = sourcecode.swift; path = NetworkingAPIMapping.swift; sourceTree = "<group>"; };
		18C1E6861EB63E0B001D611B /* NetworkingAPIs.swift */ = {isa = PBXFileReference; fileEncoding = 4; lastKnownFileType = sourcecode.swift; path = NetworkingAPIs.swift; sourceTree = "<group>"; };
		18DA4FC61EE05ADA0025BC51 /* OPVegetableViewController.swift */ = {isa = PBXFileReference; fileEncoding = 4; lastKnownFileType = sourcecode.swift; path = OPVegetableViewController.swift; sourceTree = "<group>"; };
		18DA4FCC1EE05D1A0025BC51 /* OPVegetable.storyboard */ = {isa = PBXFileReference; fileEncoding = 4; lastKnownFileType = file.storyboard; path = OPVegetable.storyboard; sourceTree = "<group>"; };
		18E31DB91EC9AA76004A8505 /* FarmActivityTableViewCell.swift */ = {isa = PBXFileReference; fileEncoding = 4; lastKnownFileType = sourcecode.swift; name = FarmActivityTableViewCell.swift; path = Farm/View/FarmActivityTableViewCell.swift; sourceTree = "<group>"; };
		18E31DBA1EC9AA76004A8505 /* FarmActivityTableViewCell.xib */ = {isa = PBXFileReference; fileEncoding = 4; lastKnownFileType = file.xib; name = FarmActivityTableViewCell.xib; path = Farm/View/FarmActivityTableViewCell.xib; sourceTree = "<group>"; };
		18E31DBD1EC9B108004A8505 /* OPActivityTableViewController.swift */ = {isa = PBXFileReference; fileEncoding = 4; lastKnownFileType = sourcecode.swift; name = OPActivityTableViewController.swift; path = Farm/OPActivityTableViewController.swift; sourceTree = "<group>"; };
		18E31DEF1ECB4DFA004A8505 /* TimeUtils.swift */ = {isa = PBXFileReference; fileEncoding = 4; lastKnownFileType = sourcecode.swift; path = TimeUtils.swift; sourceTree = "<group>"; };
		18E31DF11ECC4817004A8505 /* OPFarmCommentRepliedTableViewController.swift */ = {isa = PBXFileReference; fileEncoding = 4; lastKnownFileType = sourcecode.swift; name = OPFarmCommentRepliedTableViewController.swift; path = Farm/OPFarmCommentRepliedTableViewController.swift; sourceTree = "<group>"; };
		18E31DF31ECC881E004A8505 /* OPCommentRepliedTableViewCell.swift */ = {isa = PBXFileReference; fileEncoding = 4; lastKnownFileType = sourcecode.swift; name = OPCommentRepliedTableViewCell.swift; path = Farm/View/OPCommentRepliedTableViewCell.swift; sourceTree = "<group>"; };
		18E31DF91ED07696004A8505 /* OPFarmAlbumCollectionViewController.swift */ = {isa = PBXFileReference; fileEncoding = 4; lastKnownFileType = sourcecode.swift; name = OPFarmAlbumCollectionViewController.swift; path = Farm/OPFarmAlbumCollectionViewController.swift; sourceTree = "<group>"; };
		18E31DFB1ED077ED004A8505 /* OPFarmAlbumCollectionViewCell.swift */ = {isa = PBXFileReference; fileEncoding = 4; lastKnownFileType = sourcecode.swift; name = OPFarmAlbumCollectionViewCell.swift; path = Farm/View/OPFarmAlbumCollectionViewCell.swift; sourceTree = "<group>"; };
		18E810C41EC0287E00EDA5D8 /* OPFarmDetailedViewController.swift */ = {isa = PBXFileReference; fileEncoding = 4; lastKnownFileType = sourcecode.swift; name = OPFarmDetailedViewController.swift; path = VegetableList/OPFarmDetailedViewController.swift; sourceTree = "<group>"; };
		18E810C61EC028A000EDA5D8 /* OPFarmTableViewCell.swift */ = {isa = PBXFileReference; fileEncoding = 4; lastKnownFileType = sourcecode.swift; name = OPFarmTableViewCell.swift; path = VegetableList/OPFarmTableViewCell.swift; sourceTree = "<group>"; };
		18F6F6421ED3018E006FB8A3 /* OPLandPageViewController.swift */ = {isa = PBXFileReference; fileEncoding = 4; lastKnownFileType = sourcecode.swift; name = OPLandPageViewController.swift; path = Farm/Land/OPLandPageViewController.swift; sourceTree = "<group>"; };
		18F6F6441ED301AD006FB8A3 /* OPLandViewController.swift */ = {isa = PBXFileReference; fileEncoding = 4; lastKnownFileType = sourcecode.swift; name = OPLandViewController.swift; path = Farm/Land/OPLandViewController.swift; sourceTree = "<group>"; };
		18F6F6461ED30322006FB8A3 /* OPSingleLandViewController.swift */ = {isa = PBXFileReference; fileEncoding = 4; lastKnownFileType = sourcecode.swift; name = OPSingleLandViewController.swift; path = Farm/Land/OPSingleLandViewController.swift; sourceTree = "<group>"; };
		18F6F6481ED31EA5006FB8A3 /* OPLandCollectionViewCell.swift */ = {isa = PBXFileReference; fileEncoding = 4; lastKnownFileType = sourcecode.swift; name = OPLandCollectionViewCell.swift; path = Farm/View/OPLandCollectionViewCell.swift; sourceTree = "<group>"; };
		18F6F64A1ED32D98006FB8A3 /* OPLandSelectedCollectionViewCell.swift */ = {isa = PBXFileReference; fileEncoding = 4; lastKnownFileType = sourcecode.swift; name = OPLandSelectedCollectionViewCell.swift; path = Farm/View/OPLandSelectedCollectionViewCell.swift; sourceTree = "<group>"; };
		7424C03F9FA7E5B963FAC11B /* Pods-OnlinePlanting.release.xcconfig */ = {isa = PBXFileReference; includeInIndex = 1; lastKnownFileType = text.xcconfig; name = "Pods-OnlinePlanting.release.xcconfig"; path = "Pods/Target Support Files/Pods-OnlinePlanting/Pods-OnlinePlanting.release.xcconfig"; sourceTree = "<group>"; };
		7A7EB05F00F4CC6A9D8CFDD7 /* Pods_OnlinePlanting.framework */ = {isa = PBXFileReference; explicitFileType = wrapper.framework; includeInIndex = 0; path = Pods_OnlinePlanting.framework; sourceTree = BUILT_PRODUCTS_DIR; };
		B98016D2B3BE8EF95B755B48 /* Pods-OnlinePlanting.debug.xcconfig */ = {isa = PBXFileReference; includeInIndex = 1; lastKnownFileType = text.xcconfig; name = "Pods-OnlinePlanting.debug.xcconfig"; path = "Pods/Target Support Files/Pods-OnlinePlanting/Pods-OnlinePlanting.debug.xcconfig"; sourceTree = "<group>"; };
/* End PBXFileReference section */

/* Begin PBXFrameworksBuildPhase section */
		188A5EA71EAE2CE3006CE839 /* Frameworks */ = {
			isa = PBXFrameworksBuildPhase;
			buildActionMask = 2147483647;
			files = (
				187F4B361EBC2393000AA4DB /* CoreLocation.framework in Frameworks */,
				18B2822D1EB6B6C600010595 /* Security.framework in Frameworks */,
				183D82921EB64CB300B9F028 /* MOBFoundation.framework in Frameworks */,
				183D82931EB64CB300B9F028 /* MOBFoundationEx.framework in Frameworks */,
				183D82941EB64CB300B9F028 /* SMS_SDK.framework in Frameworks */,
				18C1E65A1EB62C3B001D611B /* libstdc++.tbd in Frameworks */,
				18C1E6581EB62C30001D611B /* JavaScriptCore.framework in Frameworks */,
				18C1E6561EB62C28001D611B /* MessageUI.framework in Frameworks */,
				18C1E6541EB62C1E001D611B /* libicucore.tbd in Frameworks */,
				18C1E6521EB62C0F001D611B /* libz.tbd in Frameworks */,
				834DBDF917F40DD8ADCCAF54 /* Pods_OnlinePlanting.framework in Frameworks */,
			);
			runOnlyForDeploymentPostprocessing = 0;
		};
		188A5EBE1EAE2CE3006CE839 /* Frameworks */ = {
			isa = PBXFrameworksBuildPhase;
			buildActionMask = 2147483647;
			files = (
			);
			runOnlyForDeploymentPostprocessing = 0;
		};
		188A5EC91EAE2CE3006CE839 /* Frameworks */ = {
			isa = PBXFrameworksBuildPhase;
			buildActionMask = 2147483647;
			files = (
			);
			runOnlyForDeploymentPostprocessing = 0;
		};
/* End PBXFrameworksBuildPhase section */

/* Begin PBXGroup section */
		118EB607BBF3EC5ACF4345EF /* Frameworks */ = {
			isa = PBXGroup;
			children = (
				187F4B351EBC2393000AA4DB /* CoreLocation.framework */,
				187F4B331EBC2081000AA4DB /* MapKit.framework */,
				18B2822C1EB6B6C600010595 /* Security.framework */,
				18C1E6591EB62C3B001D611B /* libstdc++.tbd */,
				18C1E6571EB62C30001D611B /* JavaScriptCore.framework */,
				18C1E6551EB62C28001D611B /* MessageUI.framework */,
				18C1E6531EB62C1E001D611B /* libicucore.tbd */,
				18C1E6511EB62C0F001D611B /* libz.tbd */,
				7A7EB05F00F4CC6A9D8CFDD7 /* Pods_OnlinePlanting.framework */,
			);
			name = Frameworks;
			sourceTree = "<group>";
		};
		183D828E1EB64CB300B9F028 /* SMS_SDK */ = {
			isa = PBXGroup;
			children = (
				183D828F1EB64CB300B9F028 /* MOBFoundation.framework */,
				183D82901EB64CB300B9F028 /* MOBFoundationEx.framework */,
				183D82911EB64CB300B9F028 /* SMS_SDK.framework */,
			);
			path = SMS_SDK;
			sourceTree = "<group>";
		};
		188A5EA11EAE2CE3006CE839 = {
			isa = PBXGroup;
			children = (
				18C1E65D1EB63E0B001D611B /* OnlinePlanting */,
				188A5EC41EAE2CE3006CE839 /* OnlinePlantingTests */,
				188A5ECF1EAE2CE3006CE839 /* OnlinePlantingUITests */,
				188A5EAB1EAE2CE3006CE839 /* Products */,
				36B09281C3AB8C99DDD844DE /* Pods */,
				118EB607BBF3EC5ACF4345EF /* Frameworks */,
			);
			sourceTree = "<group>";
		};
		188A5EAB1EAE2CE3006CE839 /* Products */ = {
			isa = PBXGroup;
			children = (
				188A5EAA1EAE2CE3006CE839 /* OnlinePlanting.app */,
				188A5EC11EAE2CE3006CE839 /* OnlinePlantingTests.xctest */,
				188A5ECC1EAE2CE3006CE839 /* OnlinePlantingUITests.xctest */,
			);
			name = Products;
			sourceTree = "<group>";
		};
		188A5EC41EAE2CE3006CE839 /* OnlinePlantingTests */ = {
			isa = PBXGroup;
			children = (
				188A5EC51EAE2CE3006CE839 /* OnlinePlantingTests.swift */,
			);
			path = OnlinePlantingTests;
			sourceTree = "<group>";
		};
		188A5ECF1EAE2CE3006CE839 /* OnlinePlantingUITests */ = {
			isa = PBXGroup;
			children = (
				188A5ED01EAE2CE3006CE839 /* OnlinePlantingUITests.swift */,
				188A5ED21EAE2CE3006CE839 /* Info.plist */,
				187F4B3F1EBC6BB9000AA4DB /* UISaveLocation.swift */,
			);
			path = OnlinePlantingUITests;
			sourceTree = "<group>";
		};
		1894AB381EC5E952004DED5E /* View */ = {
			isa = PBXGroup;
			children = (
				1894AB3B1EC5EE41004DED5E /* OPFarmTableViewCell.xib */,
				18E810C61EC028A000EDA5D8 /* OPFarmTableViewCell.swift */,
				1894AB391EC5E984004DED5E /* OPComentTableViewCell.swift */,
				18E31DB91EC9AA76004A8505 /* FarmActivityTableViewCell.swift */,
				18E31DBA1EC9AA76004A8505 /* FarmActivityTableViewCell.xib */,
				18E31DF31ECC881E004A8505 /* OPCommentRepliedTableViewCell.swift */,
				18E31DFB1ED077ED004A8505 /* OPFarmAlbumCollectionViewCell.swift */,
				18F6F6481ED31EA5006FB8A3 /* OPLandCollectionViewCell.swift */,
				18F6F64A1ED32D98006FB8A3 /* OPLandSelectedCollectionViewCell.swift */,
				182E98A31ED6FBD3006FEBBA /* AlbumHeaderCollectionReusableView.swift */,
				182E98A41ED6FBD3006FEBBA /* AlbumHeaderCollectionReusableView.xib */,
			);
			name = View;
			sourceTree = "<group>";
		};
		1894AB3D1EC7EF0C004DED5E /* Comment */ = {
			isa = PBXGroup;
			children = (
				1894AB441EC89C6C004DED5E /* OPCommentTextView.swift */,
				1894AB3E1EC7EF2C004DED5E /* OPCommentHereView.xib */,
				1894AB401EC7F165004DED5E /* OPCommentHereView.swift */,
				1894AB421EC89C09004DED5E /* OPCommentInputView.xib */,
				1894AB461EC89D6F004DED5E /* OPCommentInputView.swift */,
			);
			name = Comment;
			sourceTree = "<group>";
		};
		18B53E461EC0A14F003B6D6A /* Farm */ = {
			isa = PBXGroup;
			children = (
				18F6F63F1ED30119006FB8A3 /* Land */,
				1894AB381EC5E952004DED5E /* View */,
				182D4D1D1EE0376F00C29B86 /* OPFarm.storyboard */,
				18E810C41EC0287E00EDA5D8 /* OPFarmDetailedViewController.swift */,
				18C1E6821EB63E0B001D611B /* OPFarmListViewController.swift */,
				189052E41EC1EDE100F8DB1A /* OPFarmContainerViewController.swift */,
				189052E61EC1EF4F00F8DB1A /* OPFarmContentViewController.swift */,
				1894AB361EC5E538004DED5E /* OPFarmCommentViewController.swift */,
				18E31DBD1EC9B108004A8505 /* OPActivityTableViewController.swift */,
				18E31DF11ECC4817004A8505 /* OPFarmCommentRepliedTableViewController.swift */,
				18E31DF91ED07696004A8505 /* OPFarmAlbumCollectionViewController.swift */,
				1855E8B51ED10A0400D57019 /* OPFarmRendNoticeViewController.swift */,
			);
			name = Farm;
			sourceTree = "<group>";
		};
		18C1E65D1EB63E0B001D611B /* OnlinePlanting */ = {
			isa = PBXGroup;
			children = (
				18C1E6641EB63E0B001D611B /* CommonUI */,
				18C1E66A1EB63E0B001D611B /* DataModel */,
				18C1E66F1EB63E0B001D611B /* Modules */,
				18C1E6831EB63E0B001D611B /* Networking */,
				18C1F0491EB63E0E001D611B /* Utils */,
				183D82841EB64B2600B9F028 /* Assets.xcassets */,
				183D82761EB647DF00B9F028 /* AppDelegate.swift */,
				183D82861EB64B3900B9F028 /* Info.plist */,
				183D827E1EB64AE200B9F028 /* LaunchScreen.storyboard */,
				183D82801EB64AE200B9F028 /* Main.storyboard */,
				18B2822B1EB64EC000010595 /* OnlinePlanting-Bridging-Header.h */,
			);
			path = OnlinePlanting;
			sourceTree = "<group>";
		};
		18C1E6641EB63E0B001D611B /* CommonUI */ = {
			isa = PBXGroup;
			children = (
				1894AB3D1EC7EF0C004DED5E /* Comment */,
				1845F2F21EC3696C0061E259 /* OPLoadingIndicator.swift */,
				187F4B471EC011F4000AA4DB /* OPTransitioningAnimator.swift */,
				18C1E6651EB63E0B001D611B /* CoreDataCollectionViewController.swift */,
				18C1E6661EB63E0B001D611B /* CoreDataTableViewController.swift */,
				18C1E6671EB63E0B001D611B /* OPTabBarController.swift */,
				18C1E6681EB63E0B001D611B /* OPTextField.swift */,
				18C1E6691EB63E0B001D611B /* OPToastWindow.swift */,
				18C06B741EBA91C0007DDC09 /* OPSplitBaseViewController.swift */,
				187F4B411EBF3431000AA4DB /* OPLoadingHUD.swift */,
				189052EC1EC1F0CE00F8DB1A /* OPSegue.swift */,
			);
			path = CommonUI;
			sourceTree = "<group>";
		};
		18C1E66A1EB63E0B001D611B /* DataModel */ = {
			isa = PBXGroup;
			children = (
				184E68021EDE3E5500CF2DE3 /* Land+CoreDataClass.swift */,
				184E68031EDE3E5500CF2DE3 /* Land+CoreDataProperties.swift */,
				184E67FE1EDD48B700CF2DE3 /* Images+CoreDataClass.swift */,
				184E67FF1EDD48B700CF2DE3 /* Images+CoreDataProperties.swift */,
				184E67FA1EDCD8C200CF2DE3 /* Farm+CoreDataClass.swift */,
				184E67FB1EDCD8C200CF2DE3 /* Farm+CoreDataProperties.swift */,
				184E67F61EDB971F00CF2DE3 /* User+CoreDataClass.swift */,
				184E67F71EDB971F00CF2DE3 /* User+CoreDataProperties.swift */,
				184E67CE1EDB953500CF2DE3 /* LandURL+CoreDataClass.swift */,
				184E67CF1EDB953500CF2DE3 /* LandURL+CoreDataProperties.swift */,
				184E67D01EDB953500CF2DE3 /* ImageURL+CoreDataClass.swift */,
				184E67D11EDB953500CF2DE3 /* ImageURL+CoreDataProperties.swift */,
				184E67D41EDB953500CF2DE3 /* Comment+CoreDataClass.swift */,
				184E67D51EDB953500CF2DE3 /* Comment+CoreDataProperties.swift */,
				184E67D61EDB953500CF2DE3 /* ImageGroup+CoreDataClass.swift */,
				184E67D71EDB953500CF2DE3 /* ImageGroup+CoreDataProperties.swift */,
				184E67D81EDB953500CF2DE3 /* Meta+CoreDataClass.swift */,
				184E67D91EDB953500CF2DE3 /* Meta+CoreDataProperties.swift */,
				184E67DA1EDB953500CF2DE3 /* CommentURL+CoreDataClass.swift */,
				184E67DB1EDB953500CF2DE3 /* CommentURL+CoreDataProperties.swift */,
				187F4B391EBC41A2000AA4DB /* Location+CoreDataClass.swift */,
				187F4B3A1EBC41A2000AA4DB /* Location+CoreDataProperties.swift */,
				180688C91EB8C28300CEE3BF /* Profile+CoreDataClass.swift */,
				180688CA1EB8C28300CEE3BF /* Profile+CoreDataProperties.swift */,
				18C1E66D1EB63E0B001D611B /* OPDataService.swift */,
				183D826F1EB6442D00B9F028 /* OnlinePlanting.xcdatamodeld */,
			);
			path = DataModel;
			sourceTree = "<group>";
		};
		18C1E66F1EB63E0B001D611B /* Modules */ = {
			isa = PBXGroup;
			children = (
				18B53E461EC0A14F003B6D6A /* Farm */,
				18C1E6701EB63E0B001D611B /* Home */,
				18C1E6731EB63E0B001D611B /* Live */,
				18C1E6761EB63E0B001D611B /* Login */,
				18C1E67A1EB63E0B001D611B /* Me */,
				18C1E67D1EB63E0B001D611B /* MyGarden */,
				18C1E6801EB63E0B001D611B /* VegetableList */,
			);
			path = Modules;
			sourceTree = "<group>";
		};
		18C1E6701EB63E0B001D611B /* Home */ = {
			isa = PBXGroup;
			children = (
				18C1E6711EB63E0B001D611B /* OPHome.storyboard */,
				18C1E6721EB63E0B001D611B /* OPHomeViewController.swift */,
			);
			path = Home;
			sourceTree = "<group>";
		};
		18C1E6731EB63E0B001D611B /* Live */ = {
			isa = PBXGroup;
			children = (
				18C1E6741EB63E0B001D611B /* OPLive.storyboard */,
				18C1E6751EB63E0B001D611B /* OPLiveViewController.swift */,
			);
			path = Live;
			sourceTree = "<group>";
		};
		18C1E6761EB63E0B001D611B /* Login */ = {
			isa = PBXGroup;
			children = (
				18C1E6771EB63E0B001D611B /* Login.storyboard */,
				18C1E6781EB63E0B001D611B /* OPChangePasswordViewController.swift */,
				18C1E6791EB63E0B001D611B /* OPLoginMainViewController.swift */,
			);
			path = Login;
			sourceTree = "<group>";
		};
		18C1E67A1EB63E0B001D611B /* Me */ = {
			isa = PBXGroup;
			children = (
				18C1E67B1EB63E0B001D611B /* OPMe.storyboard */,
				187F4B2D1EBBE444000AA4DB /* UpdateProfileTableViewController.swift */,
				18C1E67C1EB63E0B001D611B /* OPMeViewController.swift */,
				1885BCB01EB97DDB0099EAEA /* OPMeTableViewController.swift */,
				1897E6A61EB99A8C008BC24D /* OPMeTableViewCell.swift */,
				1897E6A71EB99A8C008BC24D /* OPMeTableViewCell.xib */,
				1897E6AA1EB9C58B008BC24D /* ProfileViewController.swift */,
				1818CD521EBAC33C009BE305 /* OPMeDetailedTableViewCell.swift */,
				1818CD531EBAC33C009BE305 /* OPMeDetailedTableViewCell.xib */,
				187F4B2F1EBBE7D9000AA4DB /* UpdateProfileTableViewCell.swift */,
			);
			path = Me;
			sourceTree = "<group>";
		};
		18C1E67D1EB63E0B001D611B /* MyGarden */ = {
			isa = PBXGroup;
			children = (
				18C1E67E1EB63E0B001D611B /* OPMyGarden.storyboard */,
				18C1E67F1EB63E0B001D611B /* OPMyGardenViewController.swift */,
			);
			path = MyGarden;
			sourceTree = "<group>";
		};
		18C1E6801EB63E0B001D611B /* VegetableList */ = {
			isa = PBXGroup;
			children = (
				18DA4FCC1EE05D1A0025BC51 /* OPVegetable.storyboard */,
				18DA4FC61EE05ADA0025BC51 /* OPVegetableViewController.swift */,
			);
			path = VegetableList;
			sourceTree = "<group>";
		};
		18C1E6831EB63E0B001D611B /* Networking */ = {
			isa = PBXGroup;
			children = (
				18C1E6841EB63E0B001D611B /* Networking.swift */,
				18C1E6851EB63E0B001D611B /* NetworkingAPIMapping.swift */,
				18C1E6861EB63E0B001D611B /* NetworkingAPIs.swift */,
			);
			path = Networking;
			sourceTree = "<group>";
		};
		18C1F0491EB63E0E001D611B /* Utils */ = {
			isa = PBXGroup;
			children = (
				183D828E1EB64CB300B9F028 /* SMS_SDK */,
				183D82881EB64B6400B9F028 /* String+Ext.swift */,
				183D828A1EB64BF000B9F028 /* UIBarButtonItem+Ext.swift */,
				183D828C1EB64C3000B9F028 /* UIColor+Ext.swift */,
				18B2822E1EB6C82800010595 /* UIView+Ext.swift */,
				18B282301EB7147D00010595 /* SMSUtils.swift */,
				18B282321EB85D6300010595 /* Common.swift */,
				18C06B761EBA9657007DDC09 /* UIViewController+Ext.swift */,
				187F4B371EBC27DF000AA4DB /* LocationUtils.swift */,
				18E31DEF1ECB4DFA004A8505 /* TimeUtils.swift */,
				182E98991ED6367D006FEBBA /* UIAlertController+Ext.swift */,
			);
			path = Utils;
			sourceTree = "<group>";
		};
		18F6F63F1ED30119006FB8A3 /* Land */ = {
			isa = PBXGroup;
			children = (
				18F6F6421ED3018E006FB8A3 /* OPLandPageViewController.swift */,
				18F6F6441ED301AD006FB8A3 /* OPLandViewController.swift */,
				18F6F6461ED30322006FB8A3 /* OPSingleLandViewController.swift */,
				182E98A71ED71702006FEBBA /* LandOverviewViewController.swift */,
			);
			name = Land;
			sourceTree = "<group>";
		};
		36B09281C3AB8C99DDD844DE /* Pods */ = {
			isa = PBXGroup;
			children = (
				B98016D2B3BE8EF95B755B48 /* Pods-OnlinePlanting.debug.xcconfig */,
				7424C03F9FA7E5B963FAC11B /* Pods-OnlinePlanting.release.xcconfig */,
			);
			name = Pods;
			sourceTree = "<group>";
		};
/* End PBXGroup section */

/* Begin PBXNativeTarget section */
		188A5EA91EAE2CE3006CE839 /* OnlinePlanting */ = {
			isa = PBXNativeTarget;
			buildConfigurationList = 188A5ED51EAE2CE3006CE839 /* Build configuration list for PBXNativeTarget "OnlinePlanting" */;
			buildPhases = (
				C2226EB58DE188826E03CAA7 /* [CP] Check Pods Manifest.lock */,
				188A5EA61EAE2CE3006CE839 /* Sources */,
				188A5EA71EAE2CE3006CE839 /* Frameworks */,
				188A5EA81EAE2CE3006CE839 /* Resources */,
				48B144A6EB1D1F2939FAA159 /* [CP] Embed Pods Frameworks */,
				BC4C1BFBA749AAF42782745F /* [CP] Copy Pods Resources */,
			);
			buildRules = (
			);
			dependencies = (
			);
			name = OnlinePlanting;
			productName = OnlinePlanting;
			productReference = 188A5EAA1EAE2CE3006CE839 /* OnlinePlanting.app */;
			productType = "com.apple.product-type.application";
		};
		188A5EC01EAE2CE3006CE839 /* OnlinePlantingTests */ = {
			isa = PBXNativeTarget;
			buildConfigurationList = 188A5ED81EAE2CE3006CE839 /* Build configuration list for PBXNativeTarget "OnlinePlantingTests" */;
			buildPhases = (
				188A5EBD1EAE2CE3006CE839 /* Sources */,
				188A5EBE1EAE2CE3006CE839 /* Frameworks */,
				188A5EBF1EAE2CE3006CE839 /* Resources */,
			);
			buildRules = (
			);
			dependencies = (
				188A5EC31EAE2CE3006CE839 /* PBXTargetDependency */,
			);
			name = OnlinePlantingTests;
			productName = OnlinePlantingTests;
			productReference = 188A5EC11EAE2CE3006CE839 /* OnlinePlantingTests.xctest */;
			productType = "com.apple.product-type.bundle.unit-test";
		};
		188A5ECB1EAE2CE3006CE839 /* OnlinePlantingUITests */ = {
			isa = PBXNativeTarget;
			buildConfigurationList = 188A5EDB1EAE2CE3006CE839 /* Build configuration list for PBXNativeTarget "OnlinePlantingUITests" */;
			buildPhases = (
				188A5EC81EAE2CE3006CE839 /* Sources */,
				188A5EC91EAE2CE3006CE839 /* Frameworks */,
				188A5ECA1EAE2CE3006CE839 /* Resources */,
			);
			buildRules = (
			);
			dependencies = (
				188A5ECE1EAE2CE3006CE839 /* PBXTargetDependency */,
			);
			name = OnlinePlantingUITests;
			productName = OnlinePlantingUITests;
			productReference = 188A5ECC1EAE2CE3006CE839 /* OnlinePlantingUITests.xctest */;
			productType = "com.apple.product-type.bundle.ui-testing";
		};
/* End PBXNativeTarget section */

/* Begin PBXProject section */
		188A5EA21EAE2CE3006CE839 /* Project object */ = {
			isa = PBXProject;
			attributes = {
				LastSwiftUpdateCheck = 0820;
				LastUpgradeCheck = 0830;
				ORGANIZATIONNAME = onlinePlanting;
				TargetAttributes = {
					188A5EA91EAE2CE3006CE839 = {
						CreatedOnToolsVersion = 8.2.1;
						DevelopmentTeam = PETKK2G752;
						ProvisioningStyle = Automatic;
					};
					188A5EC01EAE2CE3006CE839 = {
						CreatedOnToolsVersion = 8.2.1;
						ProvisioningStyle = Automatic;
						TestTargetID = 188A5EA91EAE2CE3006CE839;
					};
					188A5ECB1EAE2CE3006CE839 = {
						CreatedOnToolsVersion = 8.2.1;
						ProvisioningStyle = Automatic;
						TestTargetID = 188A5EA91EAE2CE3006CE839;
					};
				};
			};
			buildConfigurationList = 188A5EA51EAE2CE3006CE839 /* Build configuration list for PBXProject "OnlinePlanting" */;
			compatibilityVersion = "Xcode 3.2";
			developmentRegion = English;
			hasScannedForEncodings = 0;
			knownRegions = (
				en,
				Base,
			);
			mainGroup = 188A5EA11EAE2CE3006CE839;
			productRefGroup = 188A5EAB1EAE2CE3006CE839 /* Products */;
			projectDirPath = "";
			projectRoot = "";
			targets = (
				188A5EA91EAE2CE3006CE839 /* OnlinePlanting */,
				188A5EC01EAE2CE3006CE839 /* OnlinePlantingTests */,
				188A5ECB1EAE2CE3006CE839 /* OnlinePlantingUITests */,
			);
		};
/* End PBXProject section */

/* Begin PBXResourcesBuildPhase section */
		188A5EA81EAE2CE3006CE839 /* Resources */ = {
			isa = PBXResourcesBuildPhase;
			buildActionMask = 2147483647;
			files = (
				18C1F05F1EB63E0E001D611B /* Login.storyboard in Resources */,
				1897E6A91EB99A8C008BC24D /* OPMeTableViewCell.xib in Resources */,
				183D82821EB64AE200B9F028 /* LaunchScreen.storyboard in Resources */,
				1894AB431EC89C09004DED5E /* OPCommentInputView.xib in Resources */,
				1894AB3C1EC5EE41004DED5E /* OPFarmTableViewCell.xib in Resources */,
				18E31DBC1EC9AA76004A8505 /* FarmActivityTableViewCell.xib in Resources */,
				18C1F0621EB63E0E001D611B /* OPMe.storyboard in Resources */,
				183D82831EB64AE200B9F028 /* Main.storyboard in Resources */,
				18C1F0641EB63E0E001D611B /* OPMyGarden.storyboard in Resources */,
				1894AB3F1EC7EF2C004DED5E /* OPCommentHereView.xib in Resources */,
				182D4D1E1EE0376F00C29B86 /* OPFarm.storyboard in Resources */,
				18C1F05B1EB63E0E001D611B /* OPHome.storyboard in Resources */,
				182E98A61ED6FBD3006FEBBA /* AlbumHeaderCollectionReusableView.xib in Resources */,
				18DA4FCD1EE05D1A0025BC51 /* OPVegetable.storyboard in Resources */,
				183D82851EB64B2600B9F028 /* Assets.xcassets in Resources */,
				1818CD551EBAC33C009BE305 /* OPMeDetailedTableViewCell.xib in Resources */,
				18C1F05D1EB63E0E001D611B /* OPLive.storyboard in Resources */,
			);
			runOnlyForDeploymentPostprocessing = 0;
		};
		188A5EBF1EAE2CE3006CE839 /* Resources */ = {
			isa = PBXResourcesBuildPhase;
			buildActionMask = 2147483647;
			files = (
			);
			runOnlyForDeploymentPostprocessing = 0;
		};
		188A5ECA1EAE2CE3006CE839 /* Resources */ = {
			isa = PBXResourcesBuildPhase;
			buildActionMask = 2147483647;
			files = (
			);
			runOnlyForDeploymentPostprocessing = 0;
		};
/* End PBXResourcesBuildPhase section */

/* Begin PBXShellScriptBuildPhase section */
		48B144A6EB1D1F2939FAA159 /* [CP] Embed Pods Frameworks */ = {
			isa = PBXShellScriptBuildPhase;
			buildActionMask = 2147483647;
			files = (
			);
			inputPaths = (
			);
			name = "[CP] Embed Pods Frameworks";
			outputPaths = (
			);
			runOnlyForDeploymentPostprocessing = 0;
			shellPath = /bin/sh;
			shellScript = "\"${SRCROOT}/Pods/Target Support Files/Pods-OnlinePlanting/Pods-OnlinePlanting-frameworks.sh\"\n";
			showEnvVarsInLog = 0;
		};
		BC4C1BFBA749AAF42782745F /* [CP] Copy Pods Resources */ = {
			isa = PBXShellScriptBuildPhase;
			buildActionMask = 2147483647;
			files = (
			);
			inputPaths = (
			);
			name = "[CP] Copy Pods Resources";
			outputPaths = (
			);
			runOnlyForDeploymentPostprocessing = 0;
			shellPath = /bin/sh;
			shellScript = "\"${SRCROOT}/Pods/Target Support Files/Pods-OnlinePlanting/Pods-OnlinePlanting-resources.sh\"\n";
			showEnvVarsInLog = 0;
		};
		C2226EB58DE188826E03CAA7 /* [CP] Check Pods Manifest.lock */ = {
			isa = PBXShellScriptBuildPhase;
			buildActionMask = 2147483647;
			files = (
			);
			inputPaths = (
			);
			name = "[CP] Check Pods Manifest.lock";
			outputPaths = (
			);
			runOnlyForDeploymentPostprocessing = 0;
			shellPath = /bin/sh;
			shellScript = "diff \"${PODS_ROOT}/../Podfile.lock\" \"${PODS_ROOT}/Manifest.lock\" > /dev/null\nif [ $? != 0 ] ; then\n    # print error to STDERR\n    echo \"error: The sandbox is not in sync with the Podfile.lock. Run 'pod install' or update your CocoaPods installation.\" >&2\n    exit 1\nfi\n";
			showEnvVarsInLog = 0;
		};
/* End PBXShellScriptBuildPhase section */

/* Begin PBXSourcesBuildPhase section */
		188A5EA61EAE2CE3006CE839 /* Sources */ = {
			isa = PBXSourcesBuildPhase;
			buildActionMask = 2147483647;
			files = (
				184E68011EDD48B700CF2DE3 /* Images+CoreDataProperties.swift in Sources */,
				183D82771EB647DF00B9F028 /* AppDelegate.swift in Sources */,
				184E67E21EDB953500CF2DE3 /* ImageURL+CoreDataClass.swift in Sources */,
				18E31DFC1ED077ED004A8505 /* OPFarmAlbumCollectionViewCell.swift in Sources */,
				18C1F0681EB63E0E001D611B /* Networking.swift in Sources */,
				18C1F06A1EB63E0E001D611B /* NetworkingAPIs.swift in Sources */,
				18E31DBE1EC9B108004A8505 /* OPActivityTableViewController.swift in Sources */,
				18C1F05E1EB63E0E001D611B /* OPLiveViewController.swift in Sources */,
				1897E6A81EB99A8C008BC24D /* OPMeTableViewCell.swift in Sources */,
				18C1F0541EB63E0E001D611B /* CoreDataTableViewController.swift in Sources */,
				189052E51EC1EDE100F8DB1A /* OPFarmContainerViewController.swift in Sources */,
				184E67EC1EDB953500CF2DE3 /* CommentURL+CoreDataClass.swift in Sources */,
				184E67E81EDB953500CF2DE3 /* ImageGroup+CoreDataClass.swift in Sources */,
				184E67ED1EDB953500CF2DE3 /* CommentURL+CoreDataProperties.swift in Sources */,
				1894AB451EC89C6C004DED5E /* OPCommentTextView.swift in Sources */,
				18C1F0531EB63E0E001D611B /* CoreDataCollectionViewController.swift in Sources */,
				184E67EA1EDB953500CF2DE3 /* Meta+CoreDataClass.swift in Sources */,
				183D82891EB64B6400B9F028 /* String+Ext.swift in Sources */,
				18C1F0551EB63E0E001D611B /* OPTabBarController.swift in Sources */,
				1885BCB11EB97DDB0099EAEA /* OPMeTableViewController.swift in Sources */,
				18C1F0651EB63E0E001D611B /* OPMyGardenViewController.swift in Sources */,
				182E98A81ED71702006FEBBA /* LandOverviewViewController.swift in Sources */,
				187F4B481EC011F4000AA4DB /* OPTransitioningAnimator.swift in Sources */,
				18E31DF21ECC4817004A8505 /* OPFarmCommentRepliedTableViewController.swift in Sources */,
				18E810C51EC0287E00EDA5D8 /* OPFarmDetailedViewController.swift in Sources */,
				18F6F64B1ED32D98006FB8A3 /* OPLandSelectedCollectionViewCell.swift in Sources */,
				1894AB371EC5E538004DED5E /* OPFarmCommentViewController.swift in Sources */,
				184E67FD1EDCD8C200CF2DE3 /* Farm+CoreDataProperties.swift in Sources */,
				18E810C81EC028A000EDA5D8 /* OPFarmTableViewCell.swift in Sources */,
				184E67E71EDB953500CF2DE3 /* Comment+CoreDataProperties.swift in Sources */,
				1897E6AB1EB9C58B008BC24D /* ProfileViewController.swift in Sources */,
				18C06B771EBA9657007DDC09 /* UIViewController+Ext.swift in Sources */,
				183D82711EB6442D00B9F028 /* OnlinePlanting.xcdatamodeld in Sources */,
				187F4B2E1EBBE444000AA4DB /* UpdateProfileTableViewController.swift in Sources */,
				1855E8B61ED10A0400D57019 /* OPFarmRendNoticeViewController.swift in Sources */,
				187F4B3C1EBC41A2000AA4DB /* Location+CoreDataProperties.swift in Sources */,
				18F6F6431ED3018E006FB8A3 /* OPLandPageViewController.swift in Sources */,
				189052ED1EC1F0CE00F8DB1A /* OPSegue.swift in Sources */,
				18F6F6451ED301AD006FB8A3 /* OPLandViewController.swift in Sources */,
				184E67E91EDB953500CF2DE3 /* ImageGroup+CoreDataProperties.swift in Sources */,
				182E989A1ED6367D006FEBBA /* UIAlertController+Ext.swift in Sources */,
				18C1F0601EB63E0E001D611B /* OPChangePasswordViewController.swift in Sources */,
				1845F2F31EC3696C0061E259 /* OPLoadingIndicator.swift in Sources */,
				18C1F0571EB63E0E001D611B /* OPToastWindow.swift in Sources */,
				18F6F6491ED31EA5006FB8A3 /* OPLandCollectionViewCell.swift in Sources */,
				184E68051EDE3E5500CF2DE3 /* Land+CoreDataProperties.swift in Sources */,
				18B2822F1EB6C82800010595 /* UIView+Ext.swift in Sources */,
				184E67E31EDB953500CF2DE3 /* ImageURL+CoreDataProperties.swift in Sources */,
				18E31DBB1EC9AA76004A8505 /* FarmActivityTableViewCell.swift in Sources */,
				18C1F0561EB63E0E001D611B /* OPTextField.swift in Sources */,
				182E98A51ED6FBD3006FEBBA /* AlbumHeaderCollectionReusableView.swift in Sources */,
				183D828B1EB64BF000B9F028 /* UIBarButtonItem+Ext.swift in Sources */,
				18F6F6471ED30322006FB8A3 /* OPSingleLandViewController.swift in Sources */,
				18C1F0671EB63E0E001D611B /* OPFarmListViewController.swift in Sources */,
				1894AB471EC89D6F004DED5E /* OPCommentInputView.swift in Sources */,
				18E31DF01ECB4DFA004A8505 /* TimeUtils.swift in Sources */,
				18B282331EB85D6300010595 /* Common.swift in Sources */,
				18C1F0631EB63E0E001D611B /* OPMeViewController.swift in Sources */,
				184E67E61EDB953500CF2DE3 /* Comment+CoreDataClass.swift in Sources */,
				184E67FC1EDCD8C200CF2DE3 /* Farm+CoreDataClass.swift in Sources */,
				189052E71EC1EF4F00F8DB1A /* OPFarmContentViewController.swift in Sources */,
				1818CD541EBAC33C009BE305 /* OPMeDetailedTableViewCell.swift in Sources */,
				184E67E01EDB953500CF2DE3 /* LandURL+CoreDataClass.swift in Sources */,
				18DA4FC71EE05ADA0025BC51 /* OPVegetableViewController.swift in Sources */,
				187F4B421EBF3431000AA4DB /* OPLoadingHUD.swift in Sources */,
				18C1F0591EB63E0E001D611B /* OPDataService.swift in Sources */,
				187F4B381EBC27DF000AA4DB /* LocationUtils.swift in Sources */,
				187F4B3B1EBC41A2000AA4DB /* Location+CoreDataClass.swift in Sources */,
				184E67F81EDB971F00CF2DE3 /* User+CoreDataClass.swift in Sources */,
				1894AB411EC7F165004DED5E /* OPCommentHereView.swift in Sources */,
				184E67EB1EDB953500CF2DE3 /* Meta+CoreDataProperties.swift in Sources */,
				18C1F05C1EB63E0E001D611B /* OPHomeViewController.swift in Sources */,
				18B282311EB7147D00010595 /* SMSUtils.swift in Sources */,
				184E67E11EDB953500CF2DE3 /* LandURL+CoreDataProperties.swift in Sources */,
				18E31DFA1ED07696004A8505 /* OPFarmAlbumCollectionViewController.swift in Sources */,
				180688CD1EB8C28300CEE3BF /* Profile+CoreDataClass.swift in Sources */,
				180688CE1EB8C28300CEE3BF /* Profile+CoreDataProperties.swift in Sources */,
				1894AB3A1EC5E984004DED5E /* OPComentTableViewCell.swift in Sources */,
				18E31DF41ECC881E004A8505 /* OPCommentRepliedTableViewCell.swift in Sources */,
				183D828D1EB64C3000B9F028 /* UIColor+Ext.swift in Sources */,
				184E67F91EDB971F00CF2DE3 /* User+CoreDataProperties.swift in Sources */,
				184E68001EDD48B700CF2DE3 /* Images+CoreDataClass.swift in Sources */,
				187F4B311EBBE7D9000AA4DB /* UpdateProfileTableViewCell.swift in Sources */,
				18C1F0691EB63E0E001D611B /* NetworkingAPIMapping.swift in Sources */,
				18C1F0611EB63E0E001D611B /* OPLoginMainViewController.swift in Sources */,
				184E68041EDE3E5500CF2DE3 /* Land+CoreDataClass.swift in Sources */,
				18C06B751EBA91C0007DDC09 /* OPSplitBaseViewController.swift in Sources */,
			);
			runOnlyForDeploymentPostprocessing = 0;
		};
		188A5EBD1EAE2CE3006CE839 /* Sources */ = {
			isa = PBXSourcesBuildPhase;
			buildActionMask = 2147483647;
			files = (
				188A5EC61EAE2CE3006CE839 /* OnlinePlantingTests.swift in Sources */,
			);
			runOnlyForDeploymentPostprocessing = 0;
		};
		188A5EC81EAE2CE3006CE839 /* Sources */ = {
			isa = PBXSourcesBuildPhase;
			buildActionMask = 2147483647;
			files = (
				188A5ED11EAE2CE3006CE839 /* OnlinePlantingUITests.swift in Sources */,
				187F4B401EBC6BB9000AA4DB /* UISaveLocation.swift in Sources */,
			);
			runOnlyForDeploymentPostprocessing = 0;
		};
/* End PBXSourcesBuildPhase section */

/* Begin PBXTargetDependency section */
		188A5EC31EAE2CE3006CE839 /* PBXTargetDependency */ = {
			isa = PBXTargetDependency;
			target = 188A5EA91EAE2CE3006CE839 /* OnlinePlanting */;
			targetProxy = 188A5EC21EAE2CE3006CE839 /* PBXContainerItemProxy */;
		};
		188A5ECE1EAE2CE3006CE839 /* PBXTargetDependency */ = {
			isa = PBXTargetDependency;
			target = 188A5EA91EAE2CE3006CE839 /* OnlinePlanting */;
			targetProxy = 188A5ECD1EAE2CE3006CE839 /* PBXContainerItemProxy */;
		};
/* End PBXTargetDependency section */

/* Begin PBXVariantGroup section */
		183D827E1EB64AE200B9F028 /* LaunchScreen.storyboard */ = {
			isa = PBXVariantGroup;
			children = (
				183D827F1EB64AE200B9F028 /* Base */,
			);
			name = LaunchScreen.storyboard;
			sourceTree = "<group>";
		};
		183D82801EB64AE200B9F028 /* Main.storyboard */ = {
			isa = PBXVariantGroup;
			children = (
				183D82811EB64AE200B9F028 /* Base */,
			);
			name = Main.storyboard;
			sourceTree = "<group>";
		};
/* End PBXVariantGroup section */

/* Begin XCBuildConfiguration section */
		188A5ED31EAE2CE3006CE839 /* Debug */ = {
			isa = XCBuildConfiguration;
			buildSettings = {
				ALWAYS_SEARCH_USER_PATHS = NO;
				CLANG_ANALYZER_NONNULL = YES;
				CLANG_CXX_LANGUAGE_STANDARD = "gnu++0x";
				CLANG_CXX_LIBRARY = "libc++";
				CLANG_ENABLE_MODULES = YES;
				CLANG_ENABLE_OBJC_ARC = YES;
				CLANG_WARN_BOOL_CONVERSION = YES;
				CLANG_WARN_CONSTANT_CONVERSION = YES;
				CLANG_WARN_DIRECT_OBJC_ISA_USAGE = YES_ERROR;
				CLANG_WARN_DOCUMENTATION_COMMENTS = YES;
				CLANG_WARN_EMPTY_BODY = YES;
				CLANG_WARN_ENUM_CONVERSION = YES;
				CLANG_WARN_INFINITE_RECURSION = YES;
				CLANG_WARN_INT_CONVERSION = YES;
				CLANG_WARN_OBJC_ROOT_CLASS = YES_ERROR;
				CLANG_WARN_SUSPICIOUS_MOVE = YES;
				CLANG_WARN_UNREACHABLE_CODE = YES;
				CLANG_WARN__DUPLICATE_METHOD_MATCH = YES;
				"CODE_SIGN_IDENTITY[sdk=iphoneos*]" = "iPhone Developer";
				COPY_PHASE_STRIP = NO;
				DEBUG_INFORMATION_FORMAT = dwarf;
				ENABLE_STRICT_OBJC_MSGSEND = YES;
				ENABLE_TESTABILITY = YES;
				GCC_C_LANGUAGE_STANDARD = gnu99;
				GCC_DYNAMIC_NO_PIC = NO;
				GCC_NO_COMMON_BLOCKS = YES;
				GCC_OPTIMIZATION_LEVEL = 0;
				GCC_PREPROCESSOR_DEFINITIONS = (
					"DEBUG=1",
					"$(inherited)",
				);
				GCC_WARN_64_TO_32_BIT_CONVERSION = YES;
				GCC_WARN_ABOUT_RETURN_TYPE = YES_ERROR;
				GCC_WARN_UNDECLARED_SELECTOR = YES;
				GCC_WARN_UNINITIALIZED_AUTOS = YES_AGGRESSIVE;
				GCC_WARN_UNUSED_FUNCTION = YES;
				GCC_WARN_UNUSED_VARIABLE = YES;
				IPHONEOS_DEPLOYMENT_TARGET = 10.2;
				MTL_ENABLE_DEBUG_INFO = YES;
				ONLY_ACTIVE_ARCH = YES;
				SDKROOT = iphoneos;
				SWIFT_ACTIVE_COMPILATION_CONDITIONS = DEBUG;
				SWIFT_OPTIMIZATION_LEVEL = "-Onone";
			};
			name = Debug;
		};
		188A5ED41EAE2CE3006CE839 /* Release */ = {
			isa = XCBuildConfiguration;
			buildSettings = {
				ALWAYS_SEARCH_USER_PATHS = NO;
				CLANG_ANALYZER_NONNULL = YES;
				CLANG_CXX_LANGUAGE_STANDARD = "gnu++0x";
				CLANG_CXX_LIBRARY = "libc++";
				CLANG_ENABLE_MODULES = YES;
				CLANG_ENABLE_OBJC_ARC = YES;
				CLANG_WARN_BOOL_CONVERSION = YES;
				CLANG_WARN_CONSTANT_CONVERSION = YES;
				CLANG_WARN_DIRECT_OBJC_ISA_USAGE = YES_ERROR;
				CLANG_WARN_DOCUMENTATION_COMMENTS = YES;
				CLANG_WARN_EMPTY_BODY = YES;
				CLANG_WARN_ENUM_CONVERSION = YES;
				CLANG_WARN_INFINITE_RECURSION = YES;
				CLANG_WARN_INT_CONVERSION = YES;
				CLANG_WARN_OBJC_ROOT_CLASS = YES_ERROR;
				CLANG_WARN_SUSPICIOUS_MOVE = YES;
				CLANG_WARN_UNREACHABLE_CODE = YES;
				CLANG_WARN__DUPLICATE_METHOD_MATCH = YES;
				"CODE_SIGN_IDENTITY[sdk=iphoneos*]" = "iPhone Developer";
				COPY_PHASE_STRIP = NO;
				DEBUG_INFORMATION_FORMAT = "dwarf-with-dsym";
				ENABLE_NS_ASSERTIONS = NO;
				ENABLE_STRICT_OBJC_MSGSEND = YES;
				GCC_C_LANGUAGE_STANDARD = gnu99;
				GCC_NO_COMMON_BLOCKS = YES;
				GCC_WARN_64_TO_32_BIT_CONVERSION = YES;
				GCC_WARN_ABOUT_RETURN_TYPE = YES_ERROR;
				GCC_WARN_UNDECLARED_SELECTOR = YES;
				GCC_WARN_UNINITIALIZED_AUTOS = YES_AGGRESSIVE;
				GCC_WARN_UNUSED_FUNCTION = YES;
				GCC_WARN_UNUSED_VARIABLE = YES;
				IPHONEOS_DEPLOYMENT_TARGET = 10.2;
				MTL_ENABLE_DEBUG_INFO = NO;
				SDKROOT = iphoneos;
				SWIFT_OPTIMIZATION_LEVEL = "-Owholemodule";
				VALIDATE_PRODUCT = YES;
			};
			name = Release;
		};
		188A5ED61EAE2CE3006CE839 /* Debug */ = {
			isa = XCBuildConfiguration;
			baseConfigurationReference = B98016D2B3BE8EF95B755B48 /* Pods-OnlinePlanting.debug.xcconfig */;
			buildSettings = {
				ASSETCATALOG_COMPILER_APPICON_NAME = AppIcon;
				"CODE_SIGN_IDENTITY[sdk=iphoneos*]" = "iPhone Developer";
				DEVELOPMENT_TEAM = PETKK2G752;
				FRAMEWORK_SEARCH_PATHS = (
					"$(inherited)",
					"$(PROJECT_DIR)/OnlinePlanting/SMS_SDK",
					"$(PROJECT_DIR)/OnlinePlanting/Utils/SMS_SDK",
					"$(PROJECT_DIR)/OnlinePlanting/Utils",
					"$(PROJECT_DIR)/OnlinePlanting/Utils/expanding_collection",
				);
				INFOPLIST_FILE = OnlinePlanting/Info.plist;
				IPHONEOS_DEPLOYMENT_TARGET = 10.3;
				LD_RUNPATH_SEARCH_PATHS = "$(inherited) @executable_path/Frameworks";
				PRODUCT_BUNDLE_IDENTIFIER = com.online.planting.OnlinePlanting;
				PRODUCT_NAME = "$(TARGET_NAME)";
				PROVISIONING_PROFILE_SPECIFIER = "";
				SWIFT_OBJC_BRIDGING_HEADER = "OnlinePlanting/OnlinePlanting-Bridging-Header.h";
				SWIFT_VERSION = 3.0;
				TARGETED_DEVICE_FAMILY = 1;
			};
			name = Debug;
		};
		188A5ED71EAE2CE3006CE839 /* Release */ = {
			isa = XCBuildConfiguration;
			baseConfigurationReference = 7424C03F9FA7E5B963FAC11B /* Pods-OnlinePlanting.release.xcconfig */;
			buildSettings = {
				ASSETCATALOG_COMPILER_APPICON_NAME = AppIcon;
				"CODE_SIGN_IDENTITY[sdk=iphoneos*]" = "iPhone Developer";
				DEVELOPMENT_TEAM = PETKK2G752;
				FRAMEWORK_SEARCH_PATHS = (
					"$(inherited)",
					"$(PROJECT_DIR)/OnlinePlanting/SMS_SDK",
					"$(PROJECT_DIR)/OnlinePlanting/Utils/SMS_SDK",
					"$(PROJECT_DIR)/OnlinePlanting/Utils",
					"$(PROJECT_DIR)/OnlinePlanting/Utils/expanding_collection",
				);
				INFOPLIST_FILE = OnlinePlanting/Info.plist;
				IPHONEOS_DEPLOYMENT_TARGET = 10.3;
				LD_RUNPATH_SEARCH_PATHS = "$(inherited) @executable_path/Frameworks";
				PRODUCT_BUNDLE_IDENTIFIER = com.online.planting.OnlinePlanting;
				PRODUCT_NAME = "$(TARGET_NAME)";
				PROVISIONING_PROFILE_SPECIFIER = "";
				SWIFT_OBJC_BRIDGING_HEADER = "OnlinePlanting/OnlinePlanting-Bridging-Header.h";
				SWIFT_VERSION = 3.0;
				TARGETED_DEVICE_FAMILY = 1;
			};
			name = Release;
		};
		188A5ED91EAE2CE3006CE839 /* Debug */ = {
			isa = XCBuildConfiguration;
			buildSettings = {
				ALWAYS_EMBED_SWIFT_STANDARD_LIBRARIES = YES;
				BUNDLE_LOADER = "$(TEST_HOST)";
				INFOPLIST_FILE = OnlinePlantingTests/Info.plist;
				LD_RUNPATH_SEARCH_PATHS = "$(inherited) @executable_path/Frameworks @loader_path/Frameworks";
				PRODUCT_BUNDLE_IDENTIFIER = com.online.planting.OnlinePlantingTests;
				PRODUCT_NAME = "$(TARGET_NAME)";
				SWIFT_VERSION = 3.0;
				TEST_HOST = "$(BUILT_PRODUCTS_DIR)/OnlinePlanting.app/OnlinePlanting";
			};
			name = Debug;
		};
		188A5EDA1EAE2CE3006CE839 /* Release */ = {
			isa = XCBuildConfiguration;
			buildSettings = {
				ALWAYS_EMBED_SWIFT_STANDARD_LIBRARIES = YES;
				BUNDLE_LOADER = "$(TEST_HOST)";
				INFOPLIST_FILE = OnlinePlantingTests/Info.plist;
				LD_RUNPATH_SEARCH_PATHS = "$(inherited) @executable_path/Frameworks @loader_path/Frameworks";
				PRODUCT_BUNDLE_IDENTIFIER = com.online.planting.OnlinePlantingTests;
				PRODUCT_NAME = "$(TARGET_NAME)";
				SWIFT_VERSION = 3.0;
				TEST_HOST = "$(BUILT_PRODUCTS_DIR)/OnlinePlanting.app/OnlinePlanting";
			};
			name = Release;
		};
		188A5EDC1EAE2CE3006CE839 /* Debug */ = {
			isa = XCBuildConfiguration;
			buildSettings = {
				ALWAYS_EMBED_SWIFT_STANDARD_LIBRARIES = YES;
				INFOPLIST_FILE = OnlinePlantingUITests/Info.plist;
				LD_RUNPATH_SEARCH_PATHS = "$(inherited) @executable_path/Frameworks @loader_path/Frameworks";
				PRODUCT_BUNDLE_IDENTIFIER = com.online.planting.OnlinePlantingUITests;
				PRODUCT_NAME = "$(TARGET_NAME)";
				SWIFT_VERSION = 3.0;
				TEST_TARGET_NAME = OnlinePlanting;
			};
			name = Debug;
		};
		188A5EDD1EAE2CE3006CE839 /* Release */ = {
			isa = XCBuildConfiguration;
			buildSettings = {
				ALWAYS_EMBED_SWIFT_STANDARD_LIBRARIES = YES;
				INFOPLIST_FILE = OnlinePlantingUITests/Info.plist;
				LD_RUNPATH_SEARCH_PATHS = "$(inherited) @executable_path/Frameworks @loader_path/Frameworks";
				PRODUCT_BUNDLE_IDENTIFIER = com.online.planting.OnlinePlantingUITests;
				PRODUCT_NAME = "$(TARGET_NAME)";
				SWIFT_VERSION = 3.0;
				TEST_TARGET_NAME = OnlinePlanting;
			};
			name = Release;
		};
/* End XCBuildConfiguration section */

/* Begin XCConfigurationList section */
		188A5EA51EAE2CE3006CE839 /* Build configuration list for PBXProject "OnlinePlanting" */ = {
			isa = XCConfigurationList;
			buildConfigurations = (
				188A5ED31EAE2CE3006CE839 /* Debug */,
				188A5ED41EAE2CE3006CE839 /* Release */,
			);
			defaultConfigurationIsVisible = 0;
			defaultConfigurationName = Release;
		};
		188A5ED51EAE2CE3006CE839 /* Build configuration list for PBXNativeTarget "OnlinePlanting" */ = {
			isa = XCConfigurationList;
			buildConfigurations = (
				188A5ED61EAE2CE3006CE839 /* Debug */,
				188A5ED71EAE2CE3006CE839 /* Release */,
			);
			defaultConfigurationIsVisible = 0;
			defaultConfigurationName = Release;
		};
		188A5ED81EAE2CE3006CE839 /* Build configuration list for PBXNativeTarget "OnlinePlantingTests" */ = {
			isa = XCConfigurationList;
			buildConfigurations = (
				188A5ED91EAE2CE3006CE839 /* Debug */,
				188A5EDA1EAE2CE3006CE839 /* Release */,
			);
			defaultConfigurationIsVisible = 0;
			defaultConfigurationName = Release;
		};
		188A5EDB1EAE2CE3006CE839 /* Build configuration list for PBXNativeTarget "OnlinePlantingUITests" */ = {
			isa = XCConfigurationList;
			buildConfigurations = (
				188A5EDC1EAE2CE3006CE839 /* Debug */,
				188A5EDD1EAE2CE3006CE839 /* Release */,
			);
			defaultConfigurationIsVisible = 0;
			defaultConfigurationName = Release;
		};
/* End XCConfigurationList section */

/* Begin XCVersionGroup section */
		183D826F1EB6442D00B9F028 /* OnlinePlanting.xcdatamodeld */ = {
			isa = XCVersionGroup;
			children = (
				183D82701EB6442D00B9F028 /* OnlinePlanting.xcdatamodel */,
			);
			currentVersion = 183D82701EB6442D00B9F028 /* OnlinePlanting.xcdatamodel */;
			path = OnlinePlanting.xcdatamodeld;
			sourceTree = "<group>";
			versionGroupType = wrapper.xcdatamodel;
		};
/* End XCVersionGroup section */
	};
	rootObject = 188A5EA21EAE2CE3006CE839 /* Project object */;
}
